// !$*UTF8*$!
{
	archiveVersion = 1;
	classes = {
	};
	objectVersion = 50;
	objects = {

/* Begin PBXBuildFile section */
		220207F42301998700BAE299 /* vim.framework in Embed Frameworks */ = {isa = PBXBuildFile; fileRef = 220207F22301984900BAE299 /* vim.framework */; settings = {ATTRIBUTES = (CodeSignOnCopy, RemoveHeadersOnCopy, ); }; };
		2208ACBF22CCE57E003985D6 /* String+C.swift in Sources */ = {isa = PBXBuildFile; fileRef = 2208ACBE22CCE57E003985D6 /* String+C.swift */; };
		2208ACC322CDED49003985D6 /* network_ios.framework in Embed Frameworks */ = {isa = PBXBuildFile; fileRef = 2208ACC022CDED3A003985D6 /* network_ios.framework */; settings = {ATTRIBUTES = (CodeSignOnCopy, RemoveHeadersOnCopy, ); }; };
		2208ACC522D2026E003985D6 /* UIDevice+Name.swift in Sources */ = {isa = PBXBuildFile; fileRef = 2208ACC422D2026E003985D6 /* UIDevice+Name.swift */; };
		2208ACC922D24703003985D6 /* WkWebViewExtension.swift in Sources */ = {isa = PBXBuildFile; fileRef = 2208ACC822D24703003985D6 /* WkWebViewExtension.swift */; };
		2242B075232293E7002A20FC /* bin in Resources */ = {isa = PBXBuildFile; fileRef = 2242B074232293E5002A20FC /* bin */; };
		224A3EE322E70B6400BC2DD9 /* libssh2.framework in Embed Frameworks */ = {isa = PBXBuildFile; fileRef = 224A3EDF22E70B4F00BC2DD9 /* libssh2.framework */; settings = {ATTRIBUTES = (CodeSignOnCopy, RemoveHeadersOnCopy, ); }; };
		224A3EE522E70B6400BC2DD9 /* openssl.framework in Embed Frameworks */ = {isa = PBXBuildFile; fileRef = 224A3EE222E70B4F00BC2DD9 /* openssl.framework */; settings = {ATTRIBUTES = (CodeSignOnCopy, RemoveHeadersOnCopy, ); }; };
		225177C6231662240084B9C1 /* Library in Resources */ = {isa = PBXBuildFile; fileRef = 225177C5231662240084B9C1 /* Library */; };
		225177C8231663430084B9C1 /* ListPythonFiles.swift in Sources */ = {isa = PBXBuildFile; fileRef = 225177C7231663430084B9C1 /* ListPythonFiles.swift */; };
		225177E523170B290084B9C1 /* python3_ios-cryptography.hazmat.bindings._openssl.framework in Embed Frameworks */ = {isa = PBXBuildFile; fileRef = 225177CC23170AF80084B9C1 /* python3_ios-cryptography.hazmat.bindings._openssl.framework */; settings = {ATTRIBUTES = (CodeSignOnCopy, RemoveHeadersOnCopy, ); }; };
		225177E723170B290084B9C1 /* python3_ios-cryptography.hazmat.bindings._padding.framework in Embed Frameworks */ = {isa = PBXBuildFile; fileRef = 225177DE23170AF90084B9C1 /* python3_ios-cryptography.hazmat.bindings._padding.framework */; settings = {ATTRIBUTES = (CodeSignOnCopy, RemoveHeadersOnCopy, ); }; };
		225177E923170B290084B9C1 /* python3_ios-kiwisolver.framework in Embed Frameworks */ = {isa = PBXBuildFile; fileRef = 225177D323170AF80084B9C1 /* python3_ios-kiwisolver.framework */; settings = {ATTRIBUTES = (CodeSignOnCopy, RemoveHeadersOnCopy, ); }; };
		225177EB23170B290084B9C1 /* python3_ios-matplotlib._contour.framework in Embed Frameworks */ = {isa = PBXBuildFile; fileRef = 225177CD23170AF80084B9C1 /* python3_ios-matplotlib._contour.framework */; settings = {ATTRIBUTES = (CodeSignOnCopy, RemoveHeadersOnCopy, ); }; };
		225177ED23170B2A0084B9C1 /* python3_ios-matplotlib._image.framework in Embed Frameworks */ = {isa = PBXBuildFile; fileRef = 225177CE23170AF80084B9C1 /* python3_ios-matplotlib._image.framework */; settings = {ATTRIBUTES = (CodeSignOnCopy, RemoveHeadersOnCopy, ); }; };
		225177EF23170B2A0084B9C1 /* python3_ios-matplotlib._path.framework in Embed Frameworks */ = {isa = PBXBuildFile; fileRef = 225177D623170AF90084B9C1 /* python3_ios-matplotlib._path.framework */; settings = {ATTRIBUTES = (CodeSignOnCopy, RemoveHeadersOnCopy, ); }; };
		225177F123170B2A0084B9C1 /* python3_ios-matplotlib._png.framework in Embed Frameworks */ = {isa = PBXBuildFile; fileRef = 225177CA23170AF80084B9C1 /* python3_ios-matplotlib._png.framework */; settings = {ATTRIBUTES = (CodeSignOnCopy, RemoveHeadersOnCopy, ); }; };
		225177F323170B2A0084B9C1 /* python3_ios-matplotlib._qhull.framework in Embed Frameworks */ = {isa = PBXBuildFile; fileRef = 225177E023170AF90084B9C1 /* python3_ios-matplotlib._qhull.framework */; settings = {ATTRIBUTES = (CodeSignOnCopy, RemoveHeadersOnCopy, ); }; };
		225177F523170B2B0084B9C1 /* python3_ios-matplotlib._tri.framework in Embed Frameworks */ = {isa = PBXBuildFile; fileRef = 225177CB23170AF80084B9C1 /* python3_ios-matplotlib._tri.framework */; settings = {ATTRIBUTES = (CodeSignOnCopy, RemoveHeadersOnCopy, ); }; };
		225177F723170B2B0084B9C1 /* python3_ios-matplotlib.backends._backend_agg.framework in Embed Frameworks */ = {isa = PBXBuildFile; fileRef = 225177DC23170AF90084B9C1 /* python3_ios-matplotlib.backends._backend_agg.framework */; settings = {ATTRIBUTES = (CodeSignOnCopy, RemoveHeadersOnCopy, ); }; };
		225177F923170B2B0084B9C1 /* python3_ios-matplotlib.ft2font.framework in Embed Frameworks */ = {isa = PBXBuildFile; fileRef = 225177DA23170AF90084B9C1 /* python3_ios-matplotlib.ft2font.framework */; settings = {ATTRIBUTES = (CodeSignOnCopy, RemoveHeadersOnCopy, ); }; };
		225177FB23170B2B0084B9C1 /* python3_ios-matplotlib.ttconv.framework in Embed Frameworks */ = {isa = PBXBuildFile; fileRef = 225177CF23170AF80084B9C1 /* python3_ios-matplotlib.ttconv.framework */; settings = {ATTRIBUTES = (CodeSignOnCopy, RemoveHeadersOnCopy, ); }; };
		225177FD23170B2B0084B9C1 /* python3_ios-numpy.core._dummy.framework in Embed Frameworks */ = {isa = PBXBuildFile; fileRef = 225177D023170AF80084B9C1 /* python3_ios-numpy.core._dummy.framework */; settings = {ATTRIBUTES = (CodeSignOnCopy, RemoveHeadersOnCopy, ); }; };
		225177FF23170B2C0084B9C1 /* python3_ios-numpy.core._multiarray_umath.framework in Embed Frameworks */ = {isa = PBXBuildFile; fileRef = 225177D123170AF80084B9C1 /* python3_ios-numpy.core._multiarray_umath.framework */; settings = {ATTRIBUTES = (CodeSignOnCopy, RemoveHeadersOnCopy, ); }; };
		2251780123170B2C0084B9C1 /* python3_ios-numpy.fft.fftpack_lite.framework in Embed Frameworks */ = {isa = PBXBuildFile; fileRef = 225177E123170AF90084B9C1 /* python3_ios-numpy.fft.fftpack_lite.framework */; settings = {ATTRIBUTES = (CodeSignOnCopy, RemoveHeadersOnCopy, ); }; };
		2251780323170B2C0084B9C1 /* python3_ios-numpy.linalg._umath_linalg.framework in Embed Frameworks */ = {isa = PBXBuildFile; fileRef = 225177D223170AF80084B9C1 /* python3_ios-numpy.linalg._umath_linalg.framework */; settings = {ATTRIBUTES = (CodeSignOnCopy, RemoveHeadersOnCopy, ); }; };
		2251780523170B2D0084B9C1 /* python3_ios-numpy.linalg.lapack_lite.framework in Embed Frameworks */ = {isa = PBXBuildFile; fileRef = 225177D423170AF80084B9C1 /* python3_ios-numpy.linalg.lapack_lite.framework */; settings = {ATTRIBUTES = (CodeSignOnCopy, RemoveHeadersOnCopy, ); }; };
		2251780723170B2D0084B9C1 /* python3_ios-numpy.random.mtrand.framework in Embed Frameworks */ = {isa = PBXBuildFile; fileRef = 225177DD23170AF90084B9C1 /* python3_ios-numpy.random.mtrand.framework */; settings = {ATTRIBUTES = (CodeSignOnCopy, RemoveHeadersOnCopy, ); }; };
		2251780923170B2D0084B9C1 /* python3_ios-PIL._imaging.framework in Embed Frameworks */ = {isa = PBXBuildFile; fileRef = 225177D523170AF80084B9C1 /* python3_ios-PIL._imaging.framework */; settings = {ATTRIBUTES = (CodeSignOnCopy, RemoveHeadersOnCopy, ); }; };
		2251780B23170B2D0084B9C1 /* python3_ios-PIL._imagingft.framework in Embed Frameworks */ = {isa = PBXBuildFile; fileRef = 225177D723170AF90084B9C1 /* python3_ios-PIL._imagingft.framework */; settings = {ATTRIBUTES = (CodeSignOnCopy, RemoveHeadersOnCopy, ); }; };
		2251780D23170B2E0084B9C1 /* python3_ios-PIL._imagingmath.framework in Embed Frameworks */ = {isa = PBXBuildFile; fileRef = 225177DF23170AF90084B9C1 /* python3_ios-PIL._imagingmath.framework */; settings = {ATTRIBUTES = (CodeSignOnCopy, RemoveHeadersOnCopy, ); }; };
		2251780F23170B2E0084B9C1 /* python3_ios-PIL._imagingmorph.framework in Embed Frameworks */ = {isa = PBXBuildFile; fileRef = 225177D823170AF90084B9C1 /* python3_ios-PIL._imagingmorph.framework */; settings = {ATTRIBUTES = (CodeSignOnCopy, RemoveHeadersOnCopy, ); }; };
		2251781123170B2E0084B9C1 /* python3_ios-PIL._imagingtk.framework in Embed Frameworks */ = {isa = PBXBuildFile; fileRef = 225177D923170AF90084B9C1 /* python3_ios-PIL._imagingtk.framework */; settings = {ATTRIBUTES = (CodeSignOnCopy, RemoveHeadersOnCopy, ); }; };
		2251781423170DA50084B9C1 /* python3_ios-cryptography.hazmat.bindings._constant_time.framework in Embed Frameworks */ = {isa = PBXBuildFile; fileRef = 225177DB23170AF90084B9C1 /* python3_ios-cryptography.hazmat.bindings._constant_time.framework */; settings = {ATTRIBUTES = (CodeSignOnCopy, RemoveHeadersOnCopy, ); }; };
		226012EF231D239500AEB059 /* texCommandsDictionary.plist in Resources */ = {isa = PBXBuildFile; fileRef = 226012EE231D238B00AEB059 /* texCommandsDictionary.plist */; };
		226012F5231D293200AEB059 /* texlua53.framework in Embed Frameworks */ = {isa = PBXBuildFile; fileRef = 226012F0231D292900AEB059 /* texlua53.framework */; settings = {ATTRIBUTES = (CodeSignOnCopy, RemoveHeadersOnCopy, ); }; };
		226012F6231D293300AEB059 /* luatex.framework in Embed Frameworks */ = {isa = PBXBuildFile; fileRef = 226012F1231D292A00AEB059 /* luatex.framework */; settings = {ATTRIBUTES = (CodeSignOnCopy, RemoveHeadersOnCopy, ); }; };
		226012F7231D293300AEB059 /* kpathsea.framework in Embed Frameworks */ = {isa = PBXBuildFile; fileRef = 226012F2231D292C00AEB059 /* kpathsea.framework */; settings = {ATTRIBUTES = (CodeSignOnCopy, RemoveHeadersOnCopy, ); }; };
		226012F8231D293300AEB059 /* pdftex.framework in Embed Frameworks */ = {isa = PBXBuildFile; fileRef = 226012F3231D292E00AEB059 /* pdftex.framework */; settings = {ATTRIBUTES = (CodeSignOnCopy, RemoveHeadersOnCopy, ); }; };
		226012F9231D293300AEB059 /* bibtex.framework in Embed Frameworks */ = {isa = PBXBuildFile; fileRef = 226012F4231D293000AEB059 /* bibtex.framework */; settings = {ATTRIBUTES = (CodeSignOnCopy, RemoveHeadersOnCopy, ); }; };
		226013032320403D00AEB059 /* AppDelegate+TeX.swift in Sources */ = {isa = PBXBuildFile; fileRef = 226013022320403D00AEB059 /* AppDelegate+TeX.swift */; };
		22601307232195AD00AEB059 /* luatexCommandsDictionary.plist in Resources */ = {isa = PBXBuildFile; fileRef = 22601306232195A100AEB059 /* luatexCommandsDictionary.plist */; };
		22604C65233AB9E800E642EE /* texlive in Resources */ = {isa = PBXBuildFile; fileRef = 226012FC231EFB5300AEB059 /* texlive */; };
		22604C66233AB9ED00E642EE /* texlive_2019_texmf-dist in Resources */ = {isa = PBXBuildFile; fileRef = 226012FB231EFB5300AEB059 /* texlive_2019_texmf-dist */; settings = {ASSET_TAGS = ("texmf-dist", ); }; };
		22604C67233ABA0C00E642EE /* texlive_2019_texmf-dist_fonts in Resources */ = {isa = PBXBuildFile; fileRef = 226012FA231EFB5200AEB059 /* texlive_2019_texmf-dist_fonts */; settings = {ASSET_TAGS = ("texmf-dist-fonts", ); }; };
		22604C68233ABA0F00E642EE /* texlive_2019_texmf-dist_fonts_type1 in Resources */ = {isa = PBXBuildFile; fileRef = 22108D6A2338BE9D003D7556 /* texlive_2019_texmf-dist_fonts_type1 */; settings = {ASSET_TAGS = ("texmf-dist-fonts-type1", ); }; };
		22604C69233ABA1200E642EE /* texlive_2019_texmf-dist_fonts_otf_ttf in Resources */ = {isa = PBXBuildFile; fileRef = 22601304232190BE00AEB059 /* texlive_2019_texmf-dist_fonts_otf_ttf */; settings = {ASSET_TAGS = (opentype, ); }; };
		22604C6A233ABA2200E642EE /* luatexfiles in Resources */ = {isa = PBXBuildFile; fileRef = 2242B07623229BA4002A20FC /* luatexfiles */; };
		226AD81E23436B7A00E5D672 /* UIViewController+showAlert.swift in Sources */ = {isa = PBXBuildFile; fileRef = 226AD81D23436B7A00E5D672 /* UIViewController+showAlert.swift */; };
		22720ABC23898D7F005BEB9E /* clang.framework in Embed Frameworks */ = {isa = PBXBuildFile; fileRef = 22720ABB23898D65005BEB9E /* clang.framework */; settings = {ATTRIBUTES = (CodeSignOnCopy, RemoveHeadersOnCopy, ); }; };
		22720ABD23898D7F005BEB9E /* dis.framework in Embed Frameworks */ = {isa = PBXBuildFile; fileRef = 22720AB723898D64005BEB9E /* dis.framework */; settings = {ATTRIBUTES = (CodeSignOnCopy, RemoveHeadersOnCopy, ); }; };
		22720ABE23898D7F005BEB9E /* libLLVM.framework in Embed Frameworks */ = {isa = PBXBuildFile; fileRef = 22720AB823898D64005BEB9E /* libLLVM.framework */; settings = {ATTRIBUTES = (CodeSignOnCopy, RemoveHeadersOnCopy, ); }; };
		22720ABF23898D7F005BEB9E /* link.framework in Embed Frameworks */ = {isa = PBXBuildFile; fileRef = 22720AB923898D64005BEB9E /* link.framework */; settings = {ATTRIBUTES = (CodeSignOnCopy, RemoveHeadersOnCopy, ); }; };
		22720AC023898D7F005BEB9E /* lli.framework in Embed Frameworks */ = {isa = PBXBuildFile; fileRef = 22720ABA23898D65005BEB9E /* lli.framework */; settings = {ATTRIBUTES = (CodeSignOnCopy, RemoveHeadersOnCopy, ); }; };
		22720AC123898D7F005BEB9E /* nm.framework in Embed Frameworks */ = {isa = PBXBuildFile; fileRef = 22720AB523898D64005BEB9E /* nm.framework */; settings = {ATTRIBUTES = (CodeSignOnCopy, RemoveHeadersOnCopy, ); }; };
		22720AC223898D7F005BEB9E /* opt.framework in Embed Frameworks */ = {isa = PBXBuildFile; fileRef = 22720AB623898D64005BEB9E /* opt.framework */; settings = {ATTRIBUTES = (CodeSignOnCopy, RemoveHeadersOnCopy, ); }; };
		227722EB239D1FA00020037E /* task in Resources */ = {isa = PBXBuildFile; fileRef = 227722EA239D1F9F0020037E /* task */; };
		227722EF239D23450020037E /* task.framework in Embed Frameworks */ = {isa = PBXBuildFile; fileRef = 227722EC239D23410020037E /* task.framework */; settings = {ATTRIBUTES = (CodeSignOnCopy, RemoveHeadersOnCopy, ); }; };
		227722F0239D23450020037E /* lex.framework in Embed Frameworks */ = {isa = PBXBuildFile; fileRef = 227722ED239D23420020037E /* lex.framework */; settings = {ATTRIBUTES = (CodeSignOnCopy, RemoveHeadersOnCopy, ); }; };
		227722F1239D23450020037E /* calc.framework in Embed Frameworks */ = {isa = PBXBuildFile; fileRef = 227722EE239D23430020037E /* calc.framework */; settings = {ATTRIBUTES = (CodeSignOnCopy, RemoveHeadersOnCopy, ); }; };
		2291286722D9DAC40004A5EA /* UIColor+hexString.swift in Sources */ = {isa = PBXBuildFile; fileRef = 2291286622D9DAC40004A5EA /* UIColor+hexString.swift */; };
		22984EEE22C93DBC00069497 /* AppDelegate.swift in Sources */ = {isa = PBXBuildFile; fileRef = 22984EED22C93DBC00069497 /* AppDelegate.swift */; };
		22984EF022C93DBC00069497 /* SceneDelegate.swift in Sources */ = {isa = PBXBuildFile; fileRef = 22984EEF22C93DBC00069497 /* SceneDelegate.swift */; };
		22984EF222C93DBC00069497 /* ContentView.swift in Sources */ = {isa = PBXBuildFile; fileRef = 22984EF122C93DBC00069497 /* ContentView.swift */; };
		22984EF422C93DBF00069497 /* Assets.xcassets in Resources */ = {isa = PBXBuildFile; fileRef = 22984EF322C93DBF00069497 /* Assets.xcassets */; };
		22984EF722C93DBF00069497 /* Preview Assets.xcassets in Resources */ = {isa = PBXBuildFile; fileRef = 22984EF622C93DBF00069497 /* Preview Assets.xcassets */; };
		22984EFA22C93DBF00069497 /* LaunchScreen.storyboard in Resources */ = {isa = PBXBuildFile; fileRef = 22984EF822C93DBF00069497 /* LaunchScreen.storyboard */; };
		229BAF4222E8A73A00C2269B /* hterm.html in Resources */ = {isa = PBXBuildFile; fileRef = 224D10BA22CB247900A234EE /* hterm.html */; };
		229BAF4322E8A73A00C2269B /* hterm_all.js in Resources */ = {isa = PBXBuildFile; fileRef = 22984F0122C9F78800069497 /* hterm_all.js */; };
		22A0FB1A233F5AB6009A4DE3 /* pythonA-cryptography.hazmat.bindings._constant_time.framework in Embed Frameworks */ = {isa = PBXBuildFile; fileRef = 22A0FB10233F5A30009A4DE3 /* pythonA-cryptography.hazmat.bindings._constant_time.framework */; settings = {ATTRIBUTES = (CodeSignOnCopy, RemoveHeadersOnCopy, ); }; };
		22A0FB1B233F5AB6009A4DE3 /* pythonA-cryptography.hazmat.bindings._openssl.framework in Embed Frameworks */ = {isa = PBXBuildFile; fileRef = 22A0FB0C233F5A2F009A4DE3 /* pythonA-cryptography.hazmat.bindings._openssl.framework */; settings = {ATTRIBUTES = (CodeSignOnCopy, RemoveHeadersOnCopy, ); }; };
		22A0FB1C233F5AB6009A4DE3 /* pythonA-cryptography.hazmat.bindings._padding.framework in Embed Frameworks */ = {isa = PBXBuildFile; fileRef = 22A0FB0A233F5A2F009A4DE3 /* pythonA-cryptography.hazmat.bindings._padding.framework */; settings = {ATTRIBUTES = (CodeSignOnCopy, RemoveHeadersOnCopy, ); }; };
		22A0FB1D233F5AB6009A4DE3 /* pythonA-kiwisolver.framework in Embed Frameworks */ = {isa = PBXBuildFile; fileRef = 22A0FB08233F5A2F009A4DE3 /* pythonA-kiwisolver.framework */; settings = {ATTRIBUTES = (CodeSignOnCopy, RemoveHeadersOnCopy, ); }; };
		22A0FB1E233F5AB6009A4DE3 /* pythonA-matplotlib._contour.framework in Embed Frameworks */ = {isa = PBXBuildFile; fileRef = 22A0FB16233F5A31009A4DE3 /* pythonA-matplotlib._contour.framework */; settings = {ATTRIBUTES = (CodeSignOnCopy, RemoveHeadersOnCopy, ); }; };
		22A0FB1F233F5AB6009A4DE3 /* pythonA-matplotlib._image.framework in Embed Frameworks */ = {isa = PBXBuildFile; fileRef = 22A0FB15233F5A31009A4DE3 /* pythonA-matplotlib._image.framework */; settings = {ATTRIBUTES = (CodeSignOnCopy, RemoveHeadersOnCopy, ); }; };
		22A0FB20233F5AB6009A4DE3 /* pythonA-matplotlib._path.framework in Embed Frameworks */ = {isa = PBXBuildFile; fileRef = 22A0FB14233F5A31009A4DE3 /* pythonA-matplotlib._path.framework */; settings = {ATTRIBUTES = (CodeSignOnCopy, RemoveHeadersOnCopy, ); }; };
		22A0FB21233F5AB6009A4DE3 /* pythonA-matplotlib._png.framework in Embed Frameworks */ = {isa = PBXBuildFile; fileRef = 22A0FB0D233F5A2F009A4DE3 /* pythonA-matplotlib._png.framework */; settings = {ATTRIBUTES = (CodeSignOnCopy, RemoveHeadersOnCopy, ); }; };
		22A0FB22233F5AB6009A4DE3 /* pythonA-matplotlib._qhull.framework in Embed Frameworks */ = {isa = PBXBuildFile; fileRef = 22A0FB12233F5A30009A4DE3 /* pythonA-matplotlib._qhull.framework */; settings = {ATTRIBUTES = (CodeSignOnCopy, RemoveHeadersOnCopy, ); }; };
		22A0FB23233F5AB6009A4DE3 /* pythonA-matplotlib._tri.framework in Embed Frameworks */ = {isa = PBXBuildFile; fileRef = 22A0FB07233F5A2F009A4DE3 /* pythonA-matplotlib._tri.framework */; settings = {ATTRIBUTES = (CodeSignOnCopy, RemoveHeadersOnCopy, ); }; };
		22A0FB24233F5AB6009A4DE3 /* pythonA-matplotlib.backends._backend_agg.framework in Embed Frameworks */ = {isa = PBXBuildFile; fileRef = 22A0FB11233F5A30009A4DE3 /* pythonA-matplotlib.backends._backend_agg.framework */; settings = {ATTRIBUTES = (CodeSignOnCopy, RemoveHeadersOnCopy, ); }; };
		22A0FB25233F5AB6009A4DE3 /* pythonA-matplotlib.ft2font.framework in Embed Frameworks */ = {isa = PBXBuildFile; fileRef = 22A0FB09233F5A2F009A4DE3 /* pythonA-matplotlib.ft2font.framework */; settings = {ATTRIBUTES = (CodeSignOnCopy, RemoveHeadersOnCopy, ); }; };
		22A0FB26233F5AB6009A4DE3 /* pythonA-matplotlib.ttconv.framework in Embed Frameworks */ = {isa = PBXBuildFile; fileRef = 22A0FB06233F5A2E009A4DE3 /* pythonA-matplotlib.ttconv.framework */; settings = {ATTRIBUTES = (CodeSignOnCopy, RemoveHeadersOnCopy, ); }; };
		22A0FB27233F5AB6009A4DE3 /* pythonA-numpy.core._dummy.framework in Embed Frameworks */ = {isa = PBXBuildFile; fileRef = 22A0FB0E233F5A30009A4DE3 /* pythonA-numpy.core._dummy.framework */; settings = {ATTRIBUTES = (CodeSignOnCopy, RemoveHeadersOnCopy, ); }; };
		22A0FB28233F5AB6009A4DE3 /* pythonA-numpy.core._multiarray_umath.framework in Embed Frameworks */ = {isa = PBXBuildFile; fileRef = 22A0FB05233F5A2E009A4DE3 /* pythonA-numpy.core._multiarray_umath.framework */; settings = {ATTRIBUTES = (CodeSignOnCopy, RemoveHeadersOnCopy, ); }; };
		22A0FB29233F5AB6009A4DE3 /* pythonA-numpy.fft.fftpack_lite.framework in Embed Frameworks */ = {isa = PBXBuildFile; fileRef = 22A0FB18233F5A31009A4DE3 /* pythonA-numpy.fft.fftpack_lite.framework */; settings = {ATTRIBUTES = (CodeSignOnCopy, RemoveHeadersOnCopy, ); }; };
		22A0FB2A233F5AB6009A4DE3 /* pythonA-numpy.linalg._umath_linalg.framework in Embed Frameworks */ = {isa = PBXBuildFile; fileRef = 22A0FB04233F5A2E009A4DE3 /* pythonA-numpy.linalg._umath_linalg.framework */; settings = {ATTRIBUTES = (CodeSignOnCopy, RemoveHeadersOnCopy, ); }; };
		22A0FB2B233F5AB6009A4DE3 /* pythonA-numpy.linalg.lapack_lite.framework in Embed Frameworks */ = {isa = PBXBuildFile; fileRef = 22A0FB0B233F5A2F009A4DE3 /* pythonA-numpy.linalg.lapack_lite.framework */; settings = {ATTRIBUTES = (CodeSignOnCopy, RemoveHeadersOnCopy, ); }; };
		22A0FB2C233F5AB6009A4DE3 /* pythonA-numpy.random.mtrand.framework in Embed Frameworks */ = {isa = PBXBuildFile; fileRef = 22A0FB13233F5A30009A4DE3 /* pythonA-numpy.random.mtrand.framework */; settings = {ATTRIBUTES = (CodeSignOnCopy, RemoveHeadersOnCopy, ); }; };
		22A0FB2D233F5AB6009A4DE3 /* pythonA-PIL._imaging.framework in Embed Frameworks */ = {isa = PBXBuildFile; fileRef = 22A0FB0F233F5A30009A4DE3 /* pythonA-PIL._imaging.framework */; settings = {ATTRIBUTES = (CodeSignOnCopy, RemoveHeadersOnCopy, ); }; };
		22A0FB2E233F5AB6009A4DE3 /* pythonA-PIL._imagingft.framework in Embed Frameworks */ = {isa = PBXBuildFile; fileRef = 22A0FB17233F5A31009A4DE3 /* pythonA-PIL._imagingft.framework */; settings = {ATTRIBUTES = (CodeSignOnCopy, RemoveHeadersOnCopy, ); }; };
		22A0FB2F233F5AB6009A4DE3 /* pythonA-PIL._imagingmath.framework in Embed Frameworks */ = {isa = PBXBuildFile; fileRef = 22A0FB02233F5A2E009A4DE3 /* pythonA-PIL._imagingmath.framework */; settings = {ATTRIBUTES = (CodeSignOnCopy, RemoveHeadersOnCopy, ); }; };
		22A0FB30233F5AB6009A4DE3 /* pythonA-PIL._imagingmorph.framework in Embed Frameworks */ = {isa = PBXBuildFile; fileRef = 22A0FB19233F5A31009A4DE3 /* pythonA-PIL._imagingmorph.framework */; settings = {ATTRIBUTES = (CodeSignOnCopy, RemoveHeadersOnCopy, ); }; };
		22A0FB31233F5AB6009A4DE3 /* pythonA-PIL._imagingtk.framework in Embed Frameworks */ = {isa = PBXBuildFile; fileRef = 22A0FB01233F5A2E009A4DE3 /* pythonA-PIL._imagingtk.framework */; settings = {ATTRIBUTES = (CodeSignOnCopy, RemoveHeadersOnCopy, ); }; };
		22A0FB32233F5AB6009A4DE3 /* pythonA.framework in Embed Frameworks */ = {isa = PBXBuildFile; fileRef = 22A0FB03233F5A2E009A4DE3 /* pythonA.framework */; settings = {ATTRIBUTES = (CodeSignOnCopy, RemoveHeadersOnCopy, ); }; };
		22A7AFB9238B2CB000C51E06 /* usr in Resources */ = {isa = PBXBuildFile; fileRef = 22A7AFB8238B2CAE00C51E06 /* usr */; };
		22B1B81922CB9E4900F7C452 /* commandDictionary.plist in Resources */ = {isa = PBXBuildFile; fileRef = 22B1B81722CB9E4900F7C452 /* commandDictionary.plist */; };
		22B1B81C22CB9E7F00F7C452 /* ios_system.framework in Frameworks */ = {isa = PBXBuildFile; fileRef = 22B1B81122CB9C6B00F7C452 /* ios_system.framework */; };
		22B1B81D22CB9E7F00F7C452 /* ios_system.framework in Embed Frameworks */ = {isa = PBXBuildFile; fileRef = 22B1B81122CB9C6B00F7C452 /* ios_system.framework */; settings = {ATTRIBUTES = (CodeSignOnCopy, RemoveHeadersOnCopy, ); }; };
		22B1B82222CB9EBC00F7C452 /* awk.framework in Embed Frameworks */ = {isa = PBXBuildFile; fileRef = 22B1B81E22CB9EBB00F7C452 /* awk.framework */; settings = {ATTRIBUTES = (CodeSignOnCopy, RemoveHeadersOnCopy, ); }; };
		22B1B82422CB9EBC00F7C452 /* files.framework in Embed Frameworks */ = {isa = PBXBuildFile; fileRef = 22B1B81F22CB9EBB00F7C452 /* files.framework */; settings = {ATTRIBUTES = (CodeSignOnCopy, RemoveHeadersOnCopy, ); }; };
		22B1B82622CB9EBC00F7C452 /* curl_ios.framework in Embed Frameworks */ = {isa = PBXBuildFile; fileRef = 22B1B82022CB9EBC00F7C452 /* curl_ios.framework */; settings = {ATTRIBUTES = (CodeSignOnCopy, RemoveHeadersOnCopy, ); }; };
		22B1B82C22CB9ECD00F7C452 /* tar.framework in Embed Frameworks */ = {isa = PBXBuildFile; fileRef = 22B1B82722CB9ECC00F7C452 /* tar.framework */; settings = {ATTRIBUTES = (CodeSignOnCopy, RemoveHeadersOnCopy, ); }; };
		22B1B82E22CB9ECD00F7C452 /* ssh_cmd.framework in Embed Frameworks */ = {isa = PBXBuildFile; fileRef = 22B1B82822CB9ECD00F7C452 /* ssh_cmd.framework */; settings = {ATTRIBUTES = (CodeSignOnCopy, RemoveHeadersOnCopy, ); }; };
		22B1B83022CB9ECD00F7C452 /* text.framework in Embed Frameworks */ = {isa = PBXBuildFile; fileRef = 22B1B82922CB9ECD00F7C452 /* text.framework */; settings = {ATTRIBUTES = (CodeSignOnCopy, RemoveHeadersOnCopy, ); }; };
		22B1B83222CB9ECD00F7C452 /* shell.framework in Embed Frameworks */ = {isa = PBXBuildFile; fileRef = 22B1B82A22CB9ECD00F7C452 /* shell.framework */; settings = {ATTRIBUTES = (CodeSignOnCopy, RemoveHeadersOnCopy, ); }; };
		22BD476923044D33007248EC /* vim in Resources */ = {isa = PBXBuildFile; fileRef = 22BD476823044D17007248EC /* vim */; };
		22BF62292314223D00FEA585 /* WKWebView+KeyCommands.swift in Sources */ = {isa = PBXBuildFile; fileRef = 22BF62282314223D00FEA585 /* WKWebView+KeyCommands.swift */; };
		22BF622B231515E000FEA585 /* lua_ios.framework in Embed Frameworks */ = {isa = PBXBuildFile; fileRef = 224A3EE022E70B4F00BC2DD9 /* lua_ios.framework */; settings = {ATTRIBUTES = (CodeSignOnCopy, RemoveHeadersOnCopy, ); }; };
		22BF622D231515E600FEA585 /* bc_ios.framework in Embed Frameworks */ = {isa = PBXBuildFile; fileRef = 224A3EDE22E70B2700BC2DD9 /* bc_ios.framework */; settings = {ATTRIBUTES = (CodeSignOnCopy, RemoveHeadersOnCopy, ); }; };
		22BF62332315195E00FEA585 /* python3_ios.framework in Embed Frameworks */ = {isa = PBXBuildFile; fileRef = 22BF62312315195E00FEA585 /* python3_ios.framework */; settings = {ATTRIBUTES = (CodeSignOnCopy, RemoveHeadersOnCopy, ); }; };
		22BF6238231519B700FEA585 /* openblas.framework in Embed Frameworks */ = {isa = PBXBuildFile; fileRef = 22BF6234231519B600FEA585 /* openblas.framework */; settings = {ATTRIBUTES = (CodeSignOnCopy, RemoveHeadersOnCopy, ); }; };
		22BF623A231519B700FEA585 /* freetype.framework in Embed Frameworks */ = {isa = PBXBuildFile; fileRef = 22BF6235231519B600FEA585 /* freetype.framework */; settings = {ATTRIBUTES = (CodeSignOnCopy, RemoveHeadersOnCopy, ); }; };
		22BF623C231519B700FEA585 /* harfbuzz.framework in Embed Frameworks */ = {isa = PBXBuildFile; fileRef = 22BF6236231519B700FEA585 /* harfbuzz.framework */; settings = {ATTRIBUTES = (CodeSignOnCopy, RemoveHeadersOnCopy, ); }; };
		22BF623E23157F2400FEA585 /* cacert.pem in Resources */ = {isa = PBXBuildFile; fileRef = 22BF623D23157F1400FEA585 /* cacert.pem */; };
		22BF6243231589EC00FEA585 /* Settings.bundle in Resources */ = {isa = PBXBuildFile; fileRef = 22BF6242231589DB00FEA585 /* Settings.bundle */; };
		22C4A02D22E09D9D00E0FAD2 /* URL+isDirectory.swift in Sources */ = {isa = PBXBuildFile; fileRef = 22C4A02C22E09D9D00E0FAD2 /* URL+isDirectory.swift */; };
		22D23118231940B3005B0C12 /* ExtraCommands.swift in Sources */ = {isa = PBXBuildFile; fileRef = 22D23117231940B2005B0C12 /* ExtraCommands.swift */; };
		22DBA250233BB0700095C559 /* listTeXFiles.swift in Sources */ = {isa = PBXBuildFile; fileRef = 22DBA24F233BB0700095C559 /* listTeXFiles.swift */; };
/* End PBXBuildFile section */

/* Begin PBXCopyFilesBuildPhase section */
		22B1B81522CB9D6500F7C452 /* Embed Frameworks */ = {
			isa = PBXCopyFilesBuildPhase;
			buildActionMask = 2147483647;
			dstPath = "";
			dstSubfolderSpec = 10;
			files = (
				227722EF239D23450020037E /* task.framework in Embed Frameworks */,
				227722F0239D23450020037E /* lex.framework in Embed Frameworks */,
				227722F1239D23450020037E /* calc.framework in Embed Frameworks */,
				220207F42301998700BAE299 /* vim.framework in Embed Frameworks */,
				224A3EE322E70B6400BC2DD9 /* libssh2.framework in Embed Frameworks */,
				22BF6238231519B700FEA585 /* openblas.framework in Embed Frameworks */,
				225177E523170B290084B9C1 /* python3_ios-cryptography.hazmat.bindings._openssl.framework in Embed Frameworks */,
				2251781123170B2E0084B9C1 /* python3_ios-PIL._imagingtk.framework in Embed Frameworks */,
				225177F123170B2A0084B9C1 /* python3_ios-matplotlib._png.framework in Embed Frameworks */,
				2208ACC322CDED49003985D6 /* network_ios.framework in Embed Frameworks */,
				225177E723170B290084B9C1 /* python3_ios-cryptography.hazmat.bindings._padding.framework in Embed Frameworks */,
				224A3EE522E70B6400BC2DD9 /* openssl.framework in Embed Frameworks */,
				22B1B82422CB9EBC00F7C452 /* files.framework in Embed Frameworks */,
				2251780723170B2D0084B9C1 /* python3_ios-numpy.random.mtrand.framework in Embed Frameworks */,
				22BF623C231519B700FEA585 /* harfbuzz.framework in Embed Frameworks */,
				22BF62332315195E00FEA585 /* python3_ios.framework in Embed Frameworks */,
				2251780F23170B2E0084B9C1 /* python3_ios-PIL._imagingmorph.framework in Embed Frameworks */,
				22BF622B231515E000FEA585 /* lua_ios.framework in Embed Frameworks */,
				225177F523170B2B0084B9C1 /* python3_ios-matplotlib._tri.framework in Embed Frameworks */,
				22B1B82222CB9EBC00F7C452 /* awk.framework in Embed Frameworks */,
				2251780123170B2C0084B9C1 /* python3_ios-numpy.fft.fftpack_lite.framework in Embed Frameworks */,
				22BF623A231519B700FEA585 /* freetype.framework in Embed Frameworks */,
				226012F5231D293200AEB059 /* texlua53.framework in Embed Frameworks */,
				226012F6231D293300AEB059 /* luatex.framework in Embed Frameworks */,
				226012F7231D293300AEB059 /* kpathsea.framework in Embed Frameworks */,
				226012F8231D293300AEB059 /* pdftex.framework in Embed Frameworks */,
				226012F9231D293300AEB059 /* bibtex.framework in Embed Frameworks */,
				225177F723170B2B0084B9C1 /* python3_ios-matplotlib.backends._backend_agg.framework in Embed Frameworks */,
				2251780323170B2C0084B9C1 /* python3_ios-numpy.linalg._umath_linalg.framework in Embed Frameworks */,
				2251780523170B2D0084B9C1 /* python3_ios-numpy.linalg.lapack_lite.framework in Embed Frameworks */,
				2251780B23170B2D0084B9C1 /* python3_ios-PIL._imagingft.framework in Embed Frameworks */,
				22BF622D231515E600FEA585 /* bc_ios.framework in Embed Frameworks */,
				225177ED23170B2A0084B9C1 /* python3_ios-matplotlib._image.framework in Embed Frameworks */,
				225177F923170B2B0084B9C1 /* python3_ios-matplotlib.ft2font.framework in Embed Frameworks */,
				225177EF23170B2A0084B9C1 /* python3_ios-matplotlib._path.framework in Embed Frameworks */,
				22B1B82C22CB9ECD00F7C452 /* tar.framework in Embed Frameworks */,
				2251780923170B2D0084B9C1 /* python3_ios-PIL._imaging.framework in Embed Frameworks */,
				2251781423170DA50084B9C1 /* python3_ios-cryptography.hazmat.bindings._constant_time.framework in Embed Frameworks */,
				225177FF23170B2C0084B9C1 /* python3_ios-numpy.core._multiarray_umath.framework in Embed Frameworks */,
				225177EB23170B290084B9C1 /* python3_ios-matplotlib._contour.framework in Embed Frameworks */,
				2251780D23170B2E0084B9C1 /* python3_ios-PIL._imagingmath.framework in Embed Frameworks */,
				225177F323170B2A0084B9C1 /* python3_ios-matplotlib._qhull.framework in Embed Frameworks */,
				225177FD23170B2B0084B9C1 /* python3_ios-numpy.core._dummy.framework in Embed Frameworks */,
				225177E923170B290084B9C1 /* python3_ios-kiwisolver.framework in Embed Frameworks */,
				22A0FB1A233F5AB6009A4DE3 /* pythonA-cryptography.hazmat.bindings._constant_time.framework in Embed Frameworks */,
				22A0FB1B233F5AB6009A4DE3 /* pythonA-cryptography.hazmat.bindings._openssl.framework in Embed Frameworks */,
				22A0FB1C233F5AB6009A4DE3 /* pythonA-cryptography.hazmat.bindings._padding.framework in Embed Frameworks */,
				22A0FB1D233F5AB6009A4DE3 /* pythonA-kiwisolver.framework in Embed Frameworks */,
				22A0FB1E233F5AB6009A4DE3 /* pythonA-matplotlib._contour.framework in Embed Frameworks */,
				22A0FB1F233F5AB6009A4DE3 /* pythonA-matplotlib._image.framework in Embed Frameworks */,
				22A0FB20233F5AB6009A4DE3 /* pythonA-matplotlib._path.framework in Embed Frameworks */,
				22A0FB21233F5AB6009A4DE3 /* pythonA-matplotlib._png.framework in Embed Frameworks */,
				22A0FB22233F5AB6009A4DE3 /* pythonA-matplotlib._qhull.framework in Embed Frameworks */,
				22A0FB23233F5AB6009A4DE3 /* pythonA-matplotlib._tri.framework in Embed Frameworks */,
				22A0FB24233F5AB6009A4DE3 /* pythonA-matplotlib.backends._backend_agg.framework in Embed Frameworks */,
				22A0FB25233F5AB6009A4DE3 /* pythonA-matplotlib.ft2font.framework in Embed Frameworks */,
				22A0FB26233F5AB6009A4DE3 /* pythonA-matplotlib.ttconv.framework in Embed Frameworks */,
				22A0FB27233F5AB6009A4DE3 /* pythonA-numpy.core._dummy.framework in Embed Frameworks */,
				22A0FB28233F5AB6009A4DE3 /* pythonA-numpy.core._multiarray_umath.framework in Embed Frameworks */,
				22A0FB29233F5AB6009A4DE3 /* pythonA-numpy.fft.fftpack_lite.framework in Embed Frameworks */,
				22A0FB2A233F5AB6009A4DE3 /* pythonA-numpy.linalg._umath_linalg.framework in Embed Frameworks */,
				22A0FB2B233F5AB6009A4DE3 /* pythonA-numpy.linalg.lapack_lite.framework in Embed Frameworks */,
				22A0FB2C233F5AB6009A4DE3 /* pythonA-numpy.random.mtrand.framework in Embed Frameworks */,
				22A0FB2D233F5AB6009A4DE3 /* pythonA-PIL._imaging.framework in Embed Frameworks */,
				22A0FB2E233F5AB6009A4DE3 /* pythonA-PIL._imagingft.framework in Embed Frameworks */,
				22A0FB2F233F5AB6009A4DE3 /* pythonA-PIL._imagingmath.framework in Embed Frameworks */,
				22A0FB30233F5AB6009A4DE3 /* pythonA-PIL._imagingmorph.framework in Embed Frameworks */,
				22A0FB31233F5AB6009A4DE3 /* pythonA-PIL._imagingtk.framework in Embed Frameworks */,
				22A0FB32233F5AB6009A4DE3 /* pythonA.framework in Embed Frameworks */,
				22B1B83222CB9ECD00F7C452 /* shell.framework in Embed Frameworks */,
				22B1B83022CB9ECD00F7C452 /* text.framework in Embed Frameworks */,
				22B1B82622CB9EBC00F7C452 /* curl_ios.framework in Embed Frameworks */,
				225177FB23170B2B0084B9C1 /* python3_ios-matplotlib.ttconv.framework in Embed Frameworks */,
				22B1B82E22CB9ECD00F7C452 /* ssh_cmd.framework in Embed Frameworks */,
				22B1B81D22CB9E7F00F7C452 /* ios_system.framework in Embed Frameworks */,
				22720ABC23898D7F005BEB9E /* clang.framework in Embed Frameworks */,
				22720ABD23898D7F005BEB9E /* dis.framework in Embed Frameworks */,
				22720ABE23898D7F005BEB9E /* libLLVM.framework in Embed Frameworks */,
				22720ABF23898D7F005BEB9E /* link.framework in Embed Frameworks */,
				22720AC023898D7F005BEB9E /* lli.framework in Embed Frameworks */,
				22720AC123898D7F005BEB9E /* nm.framework in Embed Frameworks */,
				22720AC223898D7F005BEB9E /* opt.framework in Embed Frameworks */,
			);
			name = "Embed Frameworks";
			runOnlyForDeploymentPostprocessing = 0;
		};
/* End PBXCopyFilesBuildPhase section */

/* Begin PBXFileReference section */
		220207F22301984900BAE299 /* vim.framework */ = {isa = PBXFileReference; lastKnownFileType = wrapper.framework; name = vim.framework; path = Frameworks/vim.framework; sourceTree = "<group>"; };
		2208ACBE22CCE57E003985D6 /* String+C.swift */ = {isa = PBXFileReference; fileEncoding = 4; lastKnownFileType = sourcecode.swift; name = "String+C.swift"; path = "Util/String+C.swift"; sourceTree = SOURCE_ROOT; };
		2208ACC022CDED3A003985D6 /* network_ios.framework */ = {isa = PBXFileReference; lastKnownFileType = wrapper.framework; name = network_ios.framework; path = Frameworks/network_ios.framework; sourceTree = "<group>"; };
		2208ACC422D2026E003985D6 /* UIDevice+Name.swift */ = {isa = PBXFileReference; fileEncoding = 4; lastKnownFileType = sourcecode.swift; name = "UIDevice+Name.swift"; path = "Util/UIDevice+Name.swift"; sourceTree = SOURCE_ROOT; };
		2208ACC822D24703003985D6 /* WkWebViewExtension.swift */ = {isa = PBXFileReference; fileEncoding = 4; lastKnownFileType = sourcecode.swift; path = WkWebViewExtension.swift; sourceTree = SOURCE_ROOT; };
		22108D6A2338BE9D003D7556 /* texlive_2019_texmf-dist_fonts_type1 */ = {isa = PBXFileReference; lastKnownFileType = folder; name = "texlive_2019_texmf-dist_fonts_type1"; path = "ODR/texlive_2019_texmf-dist_fonts_type1"; sourceTree = "<group>"; };
		2242B074232293E5002A20FC /* bin */ = {isa = PBXFileReference; lastKnownFileType = folder; name = bin; path = Resources/bin; sourceTree = "<group>"; };
		2242B07623229BA4002A20FC /* luatexfiles */ = {isa = PBXFileReference; lastKnownFileType = folder; name = luatexfiles; path = ODR/luatexfiles; sourceTree = "<group>"; };
		224A3EDE22E70B2700BC2DD9 /* bc_ios.framework */ = {isa = PBXFileReference; lastKnownFileType = wrapper.framework; name = bc_ios.framework; path = Frameworks/bc_ios.framework; sourceTree = "<group>"; };
		224A3EDF22E70B4F00BC2DD9 /* libssh2.framework */ = {isa = PBXFileReference; lastKnownFileType = wrapper.framework; name = libssh2.framework; path = Frameworks/libssh2.framework; sourceTree = "<group>"; };
		224A3EE022E70B4F00BC2DD9 /* lua_ios.framework */ = {isa = PBXFileReference; lastKnownFileType = wrapper.framework; name = lua_ios.framework; path = Frameworks/lua_ios.framework; sourceTree = "<group>"; };
		224A3EE122E70B4F00BC2DD9 /* network_ios.framework */ = {isa = PBXFileReference; lastKnownFileType = wrapper.framework; name = network_ios.framework; path = Frameworks/network_ios.framework; sourceTree = "<group>"; };
		224A3EE222E70B4F00BC2DD9 /* openssl.framework */ = {isa = PBXFileReference; lastKnownFileType = wrapper.framework; name = openssl.framework; path = Frameworks/openssl.framework; sourceTree = "<group>"; };
		224D10BA22CB247900A234EE /* hterm.html */ = {isa = PBXFileReference; lastKnownFileType = text.html; path = hterm.html; sourceTree = "<group>"; };
		225177C5231662240084B9C1 /* Library */ = {isa = PBXFileReference; lastKnownFileType = folder; path = Library; sourceTree = "<group>"; };
		225177C7231663430084B9C1 /* ListPythonFiles.swift */ = {isa = PBXFileReference; fileEncoding = 4; lastKnownFileType = sourcecode.swift; path = ListPythonFiles.swift; sourceTree = "<group>"; };
		225177CA23170AF80084B9C1 /* python3_ios-matplotlib._png.framework */ = {isa = PBXFileReference; lastKnownFileType = wrapper.framework; name = "python3_ios-matplotlib._png.framework"; path = "Frameworks/python3_ios-matplotlib._png.framework"; sourceTree = "<group>"; };
		225177CB23170AF80084B9C1 /* python3_ios-matplotlib._tri.framework */ = {isa = PBXFileReference; lastKnownFileType = wrapper.framework; name = "python3_ios-matplotlib._tri.framework"; path = "Frameworks/python3_ios-matplotlib._tri.framework"; sourceTree = "<group>"; };
		225177CC23170AF80084B9C1 /* python3_ios-cryptography.hazmat.bindings._openssl.framework */ = {isa = PBXFileReference; lastKnownFileType = wrapper.framework; name = "python3_ios-cryptography.hazmat.bindings._openssl.framework"; path = "Frameworks/python3_ios-cryptography.hazmat.bindings._openssl.framework"; sourceTree = "<group>"; };
		225177CD23170AF80084B9C1 /* python3_ios-matplotlib._contour.framework */ = {isa = PBXFileReference; lastKnownFileType = wrapper.framework; name = "python3_ios-matplotlib._contour.framework"; path = "Frameworks/python3_ios-matplotlib._contour.framework"; sourceTree = "<group>"; };
		225177CE23170AF80084B9C1 /* python3_ios-matplotlib._image.framework */ = {isa = PBXFileReference; lastKnownFileType = wrapper.framework; name = "python3_ios-matplotlib._image.framework"; path = "Frameworks/python3_ios-matplotlib._image.framework"; sourceTree = "<group>"; };
		225177CF23170AF80084B9C1 /* python3_ios-matplotlib.ttconv.framework */ = {isa = PBXFileReference; lastKnownFileType = wrapper.framework; name = "python3_ios-matplotlib.ttconv.framework"; path = "Frameworks/python3_ios-matplotlib.ttconv.framework"; sourceTree = "<group>"; };
		225177D023170AF80084B9C1 /* python3_ios-numpy.core._dummy.framework */ = {isa = PBXFileReference; lastKnownFileType = wrapper.framework; name = "python3_ios-numpy.core._dummy.framework"; path = "Frameworks/python3_ios-numpy.core._dummy.framework"; sourceTree = "<group>"; };
		225177D123170AF80084B9C1 /* python3_ios-numpy.core._multiarray_umath.framework */ = {isa = PBXFileReference; lastKnownFileType = wrapper.framework; name = "python3_ios-numpy.core._multiarray_umath.framework"; path = "Frameworks/python3_ios-numpy.core._multiarray_umath.framework"; sourceTree = "<group>"; };
		225177D223170AF80084B9C1 /* python3_ios-numpy.linalg._umath_linalg.framework */ = {isa = PBXFileReference; lastKnownFileType = wrapper.framework; name = "python3_ios-numpy.linalg._umath_linalg.framework"; path = "Frameworks/python3_ios-numpy.linalg._umath_linalg.framework"; sourceTree = "<group>"; };
		225177D323170AF80084B9C1 /* python3_ios-kiwisolver.framework */ = {isa = PBXFileReference; lastKnownFileType = wrapper.framework; name = "python3_ios-kiwisolver.framework"; path = "Frameworks/python3_ios-kiwisolver.framework"; sourceTree = "<group>"; };
		225177D423170AF80084B9C1 /* python3_ios-numpy.linalg.lapack_lite.framework */ = {isa = PBXFileReference; lastKnownFileType = wrapper.framework; name = "python3_ios-numpy.linalg.lapack_lite.framework"; path = "Frameworks/python3_ios-numpy.linalg.lapack_lite.framework"; sourceTree = "<group>"; };
		225177D523170AF80084B9C1 /* python3_ios-PIL._imaging.framework */ = {isa = PBXFileReference; lastKnownFileType = wrapper.framework; name = "python3_ios-PIL._imaging.framework"; path = "Frameworks/python3_ios-PIL._imaging.framework"; sourceTree = "<group>"; };
		225177D623170AF90084B9C1 /* python3_ios-matplotlib._path.framework */ = {isa = PBXFileReference; lastKnownFileType = wrapper.framework; name = "python3_ios-matplotlib._path.framework"; path = "Frameworks/python3_ios-matplotlib._path.framework"; sourceTree = "<group>"; };
		225177D723170AF90084B9C1 /* python3_ios-PIL._imagingft.framework */ = {isa = PBXFileReference; lastKnownFileType = wrapper.framework; name = "python3_ios-PIL._imagingft.framework"; path = "Frameworks/python3_ios-PIL._imagingft.framework"; sourceTree = "<group>"; };
		225177D823170AF90084B9C1 /* python3_ios-PIL._imagingmorph.framework */ = {isa = PBXFileReference; lastKnownFileType = wrapper.framework; name = "python3_ios-PIL._imagingmorph.framework"; path = "Frameworks/python3_ios-PIL._imagingmorph.framework"; sourceTree = "<group>"; };
		225177D923170AF90084B9C1 /* python3_ios-PIL._imagingtk.framework */ = {isa = PBXFileReference; lastKnownFileType = wrapper.framework; name = "python3_ios-PIL._imagingtk.framework"; path = "Frameworks/python3_ios-PIL._imagingtk.framework"; sourceTree = "<group>"; };
		225177DA23170AF90084B9C1 /* python3_ios-matplotlib.ft2font.framework */ = {isa = PBXFileReference; lastKnownFileType = wrapper.framework; name = "python3_ios-matplotlib.ft2font.framework"; path = "Frameworks/python3_ios-matplotlib.ft2font.framework"; sourceTree = "<group>"; };
		225177DB23170AF90084B9C1 /* python3_ios-cryptography.hazmat.bindings._constant_time.framework */ = {isa = PBXFileReference; lastKnownFileType = wrapper.framework; name = "python3_ios-cryptography.hazmat.bindings._constant_time.framework"; path = "Frameworks/python3_ios-cryptography.hazmat.bindings._constant_time.framework"; sourceTree = "<group>"; };
		225177DC23170AF90084B9C1 /* python3_ios-matplotlib.backends._backend_agg.framework */ = {isa = PBXFileReference; lastKnownFileType = wrapper.framework; name = "python3_ios-matplotlib.backends._backend_agg.framework"; path = "Frameworks/python3_ios-matplotlib.backends._backend_agg.framework"; sourceTree = "<group>"; };
		225177DD23170AF90084B9C1 /* python3_ios-numpy.random.mtrand.framework */ = {isa = PBXFileReference; lastKnownFileType = wrapper.framework; name = "python3_ios-numpy.random.mtrand.framework"; path = "Frameworks/python3_ios-numpy.random.mtrand.framework"; sourceTree = "<group>"; };
		225177DE23170AF90084B9C1 /* python3_ios-cryptography.hazmat.bindings._padding.framework */ = {isa = PBXFileReference; lastKnownFileType = wrapper.framework; name = "python3_ios-cryptography.hazmat.bindings._padding.framework"; path = "Frameworks/python3_ios-cryptography.hazmat.bindings._padding.framework"; sourceTree = "<group>"; };
		225177DF23170AF90084B9C1 /* python3_ios-PIL._imagingmath.framework */ = {isa = PBXFileReference; lastKnownFileType = wrapper.framework; name = "python3_ios-PIL._imagingmath.framework"; path = "Frameworks/python3_ios-PIL._imagingmath.framework"; sourceTree = "<group>"; };
		225177E023170AF90084B9C1 /* python3_ios-matplotlib._qhull.framework */ = {isa = PBXFileReference; lastKnownFileType = wrapper.framework; name = "python3_ios-matplotlib._qhull.framework"; path = "Frameworks/python3_ios-matplotlib._qhull.framework"; sourceTree = "<group>"; };
		225177E123170AF90084B9C1 /* python3_ios-numpy.fft.fftpack_lite.framework */ = {isa = PBXFileReference; lastKnownFileType = wrapper.framework; name = "python3_ios-numpy.fft.fftpack_lite.framework"; path = "Frameworks/python3_ios-numpy.fft.fftpack_lite.framework"; sourceTree = "<group>"; };
		226012EE231D238B00AEB059 /* texCommandsDictionary.plist */ = {isa = PBXFileReference; lastKnownFileType = text.plist.xml; name = texCommandsDictionary.plist; path = Resources/texCommandsDictionary.plist; sourceTree = "<group>"; };
		226012F0231D292900AEB059 /* texlua53.framework */ = {isa = PBXFileReference; lastKnownFileType = wrapper.framework; name = texlua53.framework; path = Frameworks/texlua53.framework; sourceTree = "<group>"; };
		226012F1231D292A00AEB059 /* luatex.framework */ = {isa = PBXFileReference; lastKnownFileType = wrapper.framework; name = luatex.framework; path = Frameworks/luatex.framework; sourceTree = "<group>"; };
		226012F2231D292C00AEB059 /* kpathsea.framework */ = {isa = PBXFileReference; lastKnownFileType = wrapper.framework; name = kpathsea.framework; path = Frameworks/kpathsea.framework; sourceTree = "<group>"; };
		226012F3231D292E00AEB059 /* pdftex.framework */ = {isa = PBXFileReference; lastKnownFileType = wrapper.framework; name = pdftex.framework; path = Frameworks/pdftex.framework; sourceTree = "<group>"; };
		226012F4231D293000AEB059 /* bibtex.framework */ = {isa = PBXFileReference; lastKnownFileType = wrapper.framework; name = bibtex.framework; path = Frameworks/bibtex.framework; sourceTree = "<group>"; };
		226012FA231EFB5200AEB059 /* texlive_2019_texmf-dist_fonts */ = {isa = PBXFileReference; lastKnownFileType = folder; name = "texlive_2019_texmf-dist_fonts"; path = "ODR/texlive_2019_texmf-dist_fonts"; sourceTree = "<group>"; };
		226012FB231EFB5300AEB059 /* texlive_2019_texmf-dist */ = {isa = PBXFileReference; lastKnownFileType = folder; name = "texlive_2019_texmf-dist"; path = "ODR/texlive_2019_texmf-dist"; sourceTree = "<group>"; };
		226012FC231EFB5300AEB059 /* texlive */ = {isa = PBXFileReference; lastKnownFileType = folder; name = texlive; path = ODR/texlive; sourceTree = "<group>"; };
		226013022320403D00AEB059 /* AppDelegate+TeX.swift */ = {isa = PBXFileReference; lastKnownFileType = sourcecode.swift; path = "AppDelegate+TeX.swift"; sourceTree = "<group>"; };
		22601304232190BE00AEB059 /* texlive_2019_texmf-dist_fonts_otf_ttf */ = {isa = PBXFileReference; lastKnownFileType = folder; name = "texlive_2019_texmf-dist_fonts_otf_ttf"; path = "ODR/texlive_2019_texmf-dist_fonts_otf_ttf"; sourceTree = "<group>"; };
		22601306232195A100AEB059 /* luatexCommandsDictionary.plist */ = {isa = PBXFileReference; lastKnownFileType = text.plist.xml; name = luatexCommandsDictionary.plist; path = Resources/luatexCommandsDictionary.plist; sourceTree = "<group>"; };
		226AD81D23436B7A00E5D672 /* UIViewController+showAlert.swift */ = {isa = PBXFileReference; lastKnownFileType = sourcecode.swift; path = "UIViewController+showAlert.swift"; sourceTree = "<group>"; };
		22720AB523898D64005BEB9E /* nm.framework */ = {isa = PBXFileReference; lastKnownFileType = wrapper.framework; name = nm.framework; path = Frameworks/nm.framework; sourceTree = "<group>"; };
		22720AB623898D64005BEB9E /* opt.framework */ = {isa = PBXFileReference; lastKnownFileType = wrapper.framework; name = opt.framework; path = Frameworks/opt.framework; sourceTree = "<group>"; };
		22720AB723898D64005BEB9E /* dis.framework */ = {isa = PBXFileReference; lastKnownFileType = wrapper.framework; name = dis.framework; path = Frameworks/dis.framework; sourceTree = "<group>"; };
		22720AB823898D64005BEB9E /* libLLVM.framework */ = {isa = PBXFileReference; lastKnownFileType = wrapper.framework; name = libLLVM.framework; path = Frameworks/libLLVM.framework; sourceTree = "<group>"; };
		22720AB923898D64005BEB9E /* link.framework */ = {isa = PBXFileReference; lastKnownFileType = wrapper.framework; name = link.framework; path = Frameworks/link.framework; sourceTree = "<group>"; };
		22720ABA23898D65005BEB9E /* lli.framework */ = {isa = PBXFileReference; lastKnownFileType = wrapper.framework; name = lli.framework; path = Frameworks/lli.framework; sourceTree = "<group>"; };
		22720ABB23898D65005BEB9E /* clang.framework */ = {isa = PBXFileReference; lastKnownFileType = wrapper.framework; name = clang.framework; path = Frameworks/clang.framework; sourceTree = "<group>"; };
		227722EA239D1F9F0020037E /* task */ = {isa = PBXFileReference; lastKnownFileType = folder; name = task; path = Resources/task; sourceTree = "<group>"; };
		227722EC239D23410020037E /* task.framework */ = {isa = PBXFileReference; lastKnownFileType = wrapper.framework; name = task.framework; path = Frameworks/task.framework; sourceTree = "<group>"; };
		227722ED239D23420020037E /* lex.framework */ = {isa = PBXFileReference; lastKnownFileType = wrapper.framework; name = lex.framework; path = Frameworks/lex.framework; sourceTree = "<group>"; };
		227722EE239D23430020037E /* calc.framework */ = {isa = PBXFileReference; lastKnownFileType = wrapper.framework; name = calc.framework; path = Frameworks/calc.framework; sourceTree = "<group>"; };
		2291286622D9DAC40004A5EA /* UIColor+hexString.swift */ = {isa = PBXFileReference; lastKnownFileType = sourcecode.swift; name = "UIColor+hexString.swift"; path = "Util/UIColor+hexString.swift"; sourceTree = SOURCE_ROOT; };
		22984EEA22C93DBC00069497 /* a-Shell.app */ = {isa = PBXFileReference; explicitFileType = wrapper.application; includeInIndex = 0; path = "a-Shell.app"; sourceTree = BUILT_PRODUCTS_DIR; };
		22984EED22C93DBC00069497 /* AppDelegate.swift */ = {isa = PBXFileReference; lastKnownFileType = sourcecode.swift; path = AppDelegate.swift; sourceTree = "<group>"; };
		22984EEF22C93DBC00069497 /* SceneDelegate.swift */ = {isa = PBXFileReference; lastKnownFileType = sourcecode.swift; path = SceneDelegate.swift; sourceTree = "<group>"; };
		22984EF122C93DBC00069497 /* ContentView.swift */ = {isa = PBXFileReference; lastKnownFileType = sourcecode.swift; path = ContentView.swift; sourceTree = "<group>"; };
		22984EF322C93DBF00069497 /* Assets.xcassets */ = {isa = PBXFileReference; lastKnownFileType = folder.assetcatalog; path = Assets.xcassets; sourceTree = "<group>"; };
		22984EF622C93DBF00069497 /* Preview Assets.xcassets */ = {isa = PBXFileReference; lastKnownFileType = folder.assetcatalog; path = "Preview Assets.xcassets"; sourceTree = "<group>"; };
		22984EF922C93DBF00069497 /* Base */ = {isa = PBXFileReference; lastKnownFileType = file.storyboard; name = Base; path = Base.lproj/LaunchScreen.storyboard; sourceTree = "<group>"; };
		22984EFB22C93DBF00069497 /* Info.plist */ = {isa = PBXFileReference; lastKnownFileType = text.plist.xml; path = Info.plist; sourceTree = "<group>"; };
		22984F0122C9F78800069497 /* hterm_all.js */ = {isa = PBXFileReference; lastKnownFileType = sourcecode.javascript; path = hterm_all.js; sourceTree = "<group>"; };
		22A0FB01233F5A2E009A4DE3 /* pythonA-PIL._imagingtk.framework */ = {isa = PBXFileReference; lastKnownFileType = wrapper.framework; name = "pythonA-PIL._imagingtk.framework"; path = "Frameworks/pythonA-PIL._imagingtk.framework"; sourceTree = "<group>"; };
		22A0FB02233F5A2E009A4DE3 /* pythonA-PIL._imagingmath.framework */ = {isa = PBXFileReference; lastKnownFileType = wrapper.framework; name = "pythonA-PIL._imagingmath.framework"; path = "Frameworks/pythonA-PIL._imagingmath.framework"; sourceTree = "<group>"; };
		22A0FB03233F5A2E009A4DE3 /* pythonA.framework */ = {isa = PBXFileReference; lastKnownFileType = wrapper.framework; name = pythonA.framework; path = Frameworks/pythonA.framework; sourceTree = "<group>"; };
		22A0FB04233F5A2E009A4DE3 /* pythonA-numpy.linalg._umath_linalg.framework */ = {isa = PBXFileReference; lastKnownFileType = wrapper.framework; name = "pythonA-numpy.linalg._umath_linalg.framework"; path = "Frameworks/pythonA-numpy.linalg._umath_linalg.framework"; sourceTree = "<group>"; };
		22A0FB05233F5A2E009A4DE3 /* pythonA-numpy.core._multiarray_umath.framework */ = {isa = PBXFileReference; lastKnownFileType = wrapper.framework; name = "pythonA-numpy.core._multiarray_umath.framework"; path = "Frameworks/pythonA-numpy.core._multiarray_umath.framework"; sourceTree = "<group>"; };
		22A0FB06233F5A2E009A4DE3 /* pythonA-matplotlib.ttconv.framework */ = {isa = PBXFileReference; lastKnownFileType = wrapper.framework; name = "pythonA-matplotlib.ttconv.framework"; path = "Frameworks/pythonA-matplotlib.ttconv.framework"; sourceTree = "<group>"; };
		22A0FB07233F5A2F009A4DE3 /* pythonA-matplotlib._tri.framework */ = {isa = PBXFileReference; lastKnownFileType = wrapper.framework; name = "pythonA-matplotlib._tri.framework"; path = "Frameworks/pythonA-matplotlib._tri.framework"; sourceTree = "<group>"; };
		22A0FB08233F5A2F009A4DE3 /* pythonA-kiwisolver.framework */ = {isa = PBXFileReference; lastKnownFileType = wrapper.framework; name = "pythonA-kiwisolver.framework"; path = "Frameworks/pythonA-kiwisolver.framework"; sourceTree = "<group>"; };
		22A0FB09233F5A2F009A4DE3 /* pythonA-matplotlib.ft2font.framework */ = {isa = PBXFileReference; lastKnownFileType = wrapper.framework; name = "pythonA-matplotlib.ft2font.framework"; path = "Frameworks/pythonA-matplotlib.ft2font.framework"; sourceTree = "<group>"; };
		22A0FB0A233F5A2F009A4DE3 /* pythonA-cryptography.hazmat.bindings._padding.framework */ = {isa = PBXFileReference; lastKnownFileType = wrapper.framework; name = "pythonA-cryptography.hazmat.bindings._padding.framework"; path = "Frameworks/pythonA-cryptography.hazmat.bindings._padding.framework"; sourceTree = "<group>"; };
		22A0FB0B233F5A2F009A4DE3 /* pythonA-numpy.linalg.lapack_lite.framework */ = {isa = PBXFileReference; lastKnownFileType = wrapper.framework; name = "pythonA-numpy.linalg.lapack_lite.framework"; path = "Frameworks/pythonA-numpy.linalg.lapack_lite.framework"; sourceTree = "<group>"; };
		22A0FB0C233F5A2F009A4DE3 /* pythonA-cryptography.hazmat.bindings._openssl.framework */ = {isa = PBXFileReference; lastKnownFileType = wrapper.framework; name = "pythonA-cryptography.hazmat.bindings._openssl.framework"; path = "Frameworks/pythonA-cryptography.hazmat.bindings._openssl.framework"; sourceTree = "<group>"; };
		22A0FB0D233F5A2F009A4DE3 /* pythonA-matplotlib._png.framework */ = {isa = PBXFileReference; lastKnownFileType = wrapper.framework; name = "pythonA-matplotlib._png.framework"; path = "Frameworks/pythonA-matplotlib._png.framework"; sourceTree = "<group>"; };
		22A0FB0E233F5A30009A4DE3 /* pythonA-numpy.core._dummy.framework */ = {isa = PBXFileReference; lastKnownFileType = wrapper.framework; name = "pythonA-numpy.core._dummy.framework"; path = "Frameworks/pythonA-numpy.core._dummy.framework"; sourceTree = "<group>"; };
		22A0FB0F233F5A30009A4DE3 /* pythonA-PIL._imaging.framework */ = {isa = PBXFileReference; lastKnownFileType = wrapper.framework; name = "pythonA-PIL._imaging.framework"; path = "Frameworks/pythonA-PIL._imaging.framework"; sourceTree = "<group>"; };
		22A0FB10233F5A30009A4DE3 /* pythonA-cryptography.hazmat.bindings._constant_time.framework */ = {isa = PBXFileReference; lastKnownFileType = wrapper.framework; name = "pythonA-cryptography.hazmat.bindings._constant_time.framework"; path = "Frameworks/pythonA-cryptography.hazmat.bindings._constant_time.framework"; sourceTree = "<group>"; };
		22A0FB11233F5A30009A4DE3 /* pythonA-matplotlib.backends._backend_agg.framework */ = {isa = PBXFileReference; lastKnownFileType = wrapper.framework; name = "pythonA-matplotlib.backends._backend_agg.framework"; path = "Frameworks/pythonA-matplotlib.backends._backend_agg.framework"; sourceTree = "<group>"; };
		22A0FB12233F5A30009A4DE3 /* pythonA-matplotlib._qhull.framework */ = {isa = PBXFileReference; lastKnownFileType = wrapper.framework; name = "pythonA-matplotlib._qhull.framework"; path = "Frameworks/pythonA-matplotlib._qhull.framework"; sourceTree = "<group>"; };
		22A0FB13233F5A30009A4DE3 /* pythonA-numpy.random.mtrand.framework */ = {isa = PBXFileReference; lastKnownFileType = wrapper.framework; name = "pythonA-numpy.random.mtrand.framework"; path = "Frameworks/pythonA-numpy.random.mtrand.framework"; sourceTree = "<group>"; };
		22A0FB14233F5A31009A4DE3 /* pythonA-matplotlib._path.framework */ = {isa = PBXFileReference; lastKnownFileType = wrapper.framework; name = "pythonA-matplotlib._path.framework"; path = "Frameworks/pythonA-matplotlib._path.framework"; sourceTree = "<group>"; };
		22A0FB15233F5A31009A4DE3 /* pythonA-matplotlib._image.framework */ = {isa = PBXFileReference; lastKnownFileType = wrapper.framework; name = "pythonA-matplotlib._image.framework"; path = "Frameworks/pythonA-matplotlib._image.framework"; sourceTree = "<group>"; };
		22A0FB16233F5A31009A4DE3 /* pythonA-matplotlib._contour.framework */ = {isa = PBXFileReference; lastKnownFileType = wrapper.framework; name = "pythonA-matplotlib._contour.framework"; path = "Frameworks/pythonA-matplotlib._contour.framework"; sourceTree = "<group>"; };
		22A0FB17233F5A31009A4DE3 /* pythonA-PIL._imagingft.framework */ = {isa = PBXFileReference; lastKnownFileType = wrapper.framework; name = "pythonA-PIL._imagingft.framework"; path = "Frameworks/pythonA-PIL._imagingft.framework"; sourceTree = "<group>"; };
		22A0FB18233F5A31009A4DE3 /* pythonA-numpy.fft.fftpack_lite.framework */ = {isa = PBXFileReference; lastKnownFileType = wrapper.framework; name = "pythonA-numpy.fft.fftpack_lite.framework"; path = "Frameworks/pythonA-numpy.fft.fftpack_lite.framework"; sourceTree = "<group>"; };
		22A0FB19233F5A31009A4DE3 /* pythonA-PIL._imagingmorph.framework */ = {isa = PBXFileReference; lastKnownFileType = wrapper.framework; name = "pythonA-PIL._imagingmorph.framework"; path = "Frameworks/pythonA-PIL._imagingmorph.framework"; sourceTree = "<group>"; };
		22A7AFB8238B2CAE00C51E06 /* usr */ = {isa = PBXFileReference; lastKnownFileType = folder; name = usr; path = Resources/usr; sourceTree = "<group>"; };
		22B1B81122CB9C6B00F7C452 /* ios_system.framework */ = {isa = PBXFileReference; lastKnownFileType = wrapper.framework; name = ios_system.framework; path = Frameworks/ios_system.framework; sourceTree = "<group>"; };
		22B1B81622CB9E4800F7C452 /* extraCommandsDictionary.plist */ = {isa = PBXFileReference; lastKnownFileType = text.plist.xml; name = extraCommandsDictionary.plist; path = Resources/extraCommandsDictionary.plist; sourceTree = "<group>"; };
		22B1B81722CB9E4900F7C452 /* commandDictionary.plist */ = {isa = PBXFileReference; lastKnownFileType = text.plist.xml; name = commandDictionary.plist; path = Resources/commandDictionary.plist; sourceTree = "<group>"; };
		22B1B81E22CB9EBB00F7C452 /* awk.framework */ = {isa = PBXFileReference; lastKnownFileType = wrapper.framework; name = awk.framework; path = Frameworks/awk.framework; sourceTree = "<group>"; };
		22B1B81F22CB9EBB00F7C452 /* files.framework */ = {isa = PBXFileReference; lastKnownFileType = wrapper.framework; name = files.framework; path = Frameworks/files.framework; sourceTree = "<group>"; };
		22B1B82022CB9EBC00F7C452 /* curl_ios.framework */ = {isa = PBXFileReference; lastKnownFileType = wrapper.framework; name = curl_ios.framework; path = Frameworks/curl_ios.framework; sourceTree = "<group>"; };
		22B1B82722CB9ECC00F7C452 /* tar.framework */ = {isa = PBXFileReference; lastKnownFileType = wrapper.framework; name = tar.framework; path = Frameworks/tar.framework; sourceTree = "<group>"; };
		22B1B82822CB9ECD00F7C452 /* ssh_cmd.framework */ = {isa = PBXFileReference; lastKnownFileType = wrapper.framework; name = ssh_cmd.framework; path = Frameworks/ssh_cmd.framework; sourceTree = "<group>"; };
		22B1B82922CB9ECD00F7C452 /* text.framework */ = {isa = PBXFileReference; lastKnownFileType = wrapper.framework; name = text.framework; path = Frameworks/text.framework; sourceTree = "<group>"; };
		22B1B82A22CB9ECD00F7C452 /* shell.framework */ = {isa = PBXFileReference; lastKnownFileType = wrapper.framework; name = shell.framework; path = Frameworks/shell.framework; sourceTree = "<group>"; };
		22B1B83322CBC53700F7C452 /* a-Shell.entitlements */ = {isa = PBXFileReference; lastKnownFileType = text.plist.entitlements; path = "a-Shell.entitlements"; sourceTree = "<group>"; };
		22BD476823044D17007248EC /* vim */ = {isa = PBXFileReference; lastKnownFileType = folder; name = vim; path = Resources/vim; sourceTree = "<group>"; };
		22BF62282314223D00FEA585 /* WKWebView+KeyCommands.swift */ = {isa = PBXFileReference; lastKnownFileType = sourcecode.swift; path = "WKWebView+KeyCommands.swift"; sourceTree = "<group>"; };
		22BF62312315195E00FEA585 /* python3_ios.framework */ = {isa = PBXFileReference; lastKnownFileType = wrapper.framework; name = python3_ios.framework; path = Frameworks/python3_ios.framework; sourceTree = "<group>"; };
		22BF6234231519B600FEA585 /* openblas.framework */ = {isa = PBXFileReference; lastKnownFileType = wrapper.framework; name = openblas.framework; path = Frameworks/openblas.framework; sourceTree = "<group>"; };
		22BF6235231519B600FEA585 /* freetype.framework */ = {isa = PBXFileReference; lastKnownFileType = wrapper.framework; name = freetype.framework; path = Frameworks/freetype.framework; sourceTree = "<group>"; };
		22BF6236231519B700FEA585 /* harfbuzz.framework */ = {isa = PBXFileReference; lastKnownFileType = wrapper.framework; name = harfbuzz.framework; path = Frameworks/harfbuzz.framework; sourceTree = "<group>"; };
		22BF623D23157F1400FEA585 /* cacert.pem */ = {isa = PBXFileReference; lastKnownFileType = text; path = cacert.pem; sourceTree = "<group>"; };
		22BF6242231589DB00FEA585 /* Settings.bundle */ = {isa = PBXFileReference; lastKnownFileType = "wrapper.plug-in"; path = Settings.bundle; sourceTree = "<group>"; };
		22C4A02C22E09D9D00E0FAD2 /* URL+isDirectory.swift */ = {isa = PBXFileReference; fileEncoding = 4; lastKnownFileType = sourcecode.swift; name = "URL+isDirectory.swift"; path = "Util/URL+isDirectory.swift"; sourceTree = SOURCE_ROOT; };
		22D23117231940B2005B0C12 /* ExtraCommands.swift */ = {isa = PBXFileReference; lastKnownFileType = sourcecode.swift; path = ExtraCommands.swift; sourceTree = "<group>"; };
		22DBA24F233BB0700095C559 /* listTeXFiles.swift */ = {isa = PBXFileReference; lastKnownFileType = sourcecode.swift; path = listTeXFiles.swift; sourceTree = "<group>"; };
/* End PBXFileReference section */

/* Begin PBXFrameworksBuildPhase section */
		22984EE722C93DBC00069497 /* Frameworks */ = {
			isa = PBXFrameworksBuildPhase;
			buildActionMask = 2147483647;
			files = (
				22B1B81C22CB9E7F00F7C452 /* ios_system.framework in Frameworks */,
			);
			runOnlyForDeploymentPostprocessing = 0;
		};
/* End PBXFrameworksBuildPhase section */

/* Begin PBXGroup section */
		2208ACBB22CCE529003985D6 /* Util */ = {
			isa = PBXGroup;
			children = (
				22C4A02C22E09D9D00E0FAD2 /* URL+isDirectory.swift */,
				2291286622D9DAC40004A5EA /* UIColor+hexString.swift */,
				2208ACC422D2026E003985D6 /* UIDevice+Name.swift */,
				2208ACBE22CCE57E003985D6 /* String+C.swift */,
				226AD81D23436B7A00E5D672 /* UIViewController+showAlert.swift */,
			);
			path = Util;
			sourceTree = "<group>";
		};
		225177C923170AA10084B9C1 /* Python3 frameworks */ = {
			isa = PBXGroup;
			children = (
				225177DB23170AF90084B9C1 /* python3_ios-cryptography.hazmat.bindings._constant_time.framework */,
				225177CC23170AF80084B9C1 /* python3_ios-cryptography.hazmat.bindings._openssl.framework */,
				225177DE23170AF90084B9C1 /* python3_ios-cryptography.hazmat.bindings._padding.framework */,
				225177D323170AF80084B9C1 /* python3_ios-kiwisolver.framework */,
				225177CD23170AF80084B9C1 /* python3_ios-matplotlib._contour.framework */,
				225177CE23170AF80084B9C1 /* python3_ios-matplotlib._image.framework */,
				225177D623170AF90084B9C1 /* python3_ios-matplotlib._path.framework */,
				225177CA23170AF80084B9C1 /* python3_ios-matplotlib._png.framework */,
				225177E023170AF90084B9C1 /* python3_ios-matplotlib._qhull.framework */,
				225177CB23170AF80084B9C1 /* python3_ios-matplotlib._tri.framework */,
				225177DC23170AF90084B9C1 /* python3_ios-matplotlib.backends._backend_agg.framework */,
				225177DA23170AF90084B9C1 /* python3_ios-matplotlib.ft2font.framework */,
				225177CF23170AF80084B9C1 /* python3_ios-matplotlib.ttconv.framework */,
				225177D023170AF80084B9C1 /* python3_ios-numpy.core._dummy.framework */,
				225177D123170AF80084B9C1 /* python3_ios-numpy.core._multiarray_umath.framework */,
				225177E123170AF90084B9C1 /* python3_ios-numpy.fft.fftpack_lite.framework */,
				225177D223170AF80084B9C1 /* python3_ios-numpy.linalg._umath_linalg.framework */,
				225177D423170AF80084B9C1 /* python3_ios-numpy.linalg.lapack_lite.framework */,
				225177DD23170AF90084B9C1 /* python3_ios-numpy.random.mtrand.framework */,
				225177D523170AF80084B9C1 /* python3_ios-PIL._imaging.framework */,
				225177D723170AF90084B9C1 /* python3_ios-PIL._imagingft.framework */,
				225177DF23170AF90084B9C1 /* python3_ios-PIL._imagingmath.framework */,
				225177D823170AF90084B9C1 /* python3_ios-PIL._imagingmorph.framework */,
				225177D923170AF90084B9C1 /* python3_ios-PIL._imagingtk.framework */,
			);
			name = "Python3 frameworks";
			sourceTree = "<group>";
		};
		22720AB223898AAE005BEB9E /* LLVM */ = {
			isa = PBXGroup;
			children = (
				22720ABB23898D65005BEB9E /* clang.framework */,
				22720AB723898D64005BEB9E /* dis.framework */,
				22720AB823898D64005BEB9E /* libLLVM.framework */,
				22720AB923898D64005BEB9E /* link.framework */,
				22720ABA23898D65005BEB9E /* lli.framework */,
				22720AB523898D64005BEB9E /* nm.framework */,
				22720AB623898D64005BEB9E /* opt.framework */,
			);
			name = LLVM;
			sourceTree = "<group>";
		};
		22720AB323898AB5005BEB9E /* Python */ = {
			isa = PBXGroup;
			children = (
				22BF6235231519B600FEA585 /* freetype.framework */,
				22BF6236231519B700FEA585 /* harfbuzz.framework */,
				22BF6234231519B600FEA585 /* openblas.framework */,
				22BF62312315195E00FEA585 /* python3_ios.framework */,
			);
			name = Python;
			sourceTree = "<group>";
		};
		22720AB423898AE5005BEB9E /* TeX */ = {
			isa = PBXGroup;
			children = (
				226012F4231D293000AEB059 /* bibtex.framework */,
				226012F2231D292C00AEB059 /* kpathsea.framework */,
				226012F1231D292A00AEB059 /* luatex.framework */,
				226012F3231D292E00AEB059 /* pdftex.framework */,
				226012F0231D292900AEB059 /* texlua53.framework */,
			);
			name = TeX;
			sourceTree = "<group>";
		};
		22984EE122C93DBC00069497 = {
			isa = PBXGroup;
			children = (
				22BF6242231589DB00FEA585 /* Settings.bundle */,
				22B1B81A22CB9E5500F7C452 /* Resources */,
				22984EEC22C93DBC00069497 /* a-Shell */,
				22984EEB22C93DBC00069497 /* Products */,
				22B1B80D22CB9A5A00F7C452 /* Frameworks */,
			);
			sourceTree = "<group>";
		};
		22984EEB22C93DBC00069497 /* Products */ = {
			isa = PBXGroup;
			children = (
				22984EEA22C93DBC00069497 /* a-Shell.app */,
			);
			name = Products;
			sourceTree = "<group>";
		};
		22984EEC22C93DBC00069497 /* a-Shell */ = {
			isa = PBXGroup;
			children = (
				2208ACBB22CCE529003985D6 /* Util */,
				22B1B83322CBC53700F7C452 /* a-Shell.entitlements */,
				22984EED22C93DBC00069497 /* AppDelegate.swift */,
				226013022320403D00AEB059 /* AppDelegate+TeX.swift */,
				22D23117231940B2005B0C12 /* ExtraCommands.swift */,
				22984EEF22C93DBC00069497 /* SceneDelegate.swift */,
				22984EF122C93DBC00069497 /* ContentView.swift */,
				2208ACC822D24703003985D6 /* WkWebViewExtension.swift */,
				22BF62282314223D00FEA585 /* WKWebView+KeyCommands.swift */,
				225177C7231663430084B9C1 /* ListPythonFiles.swift */,
				22DBA24F233BB0700095C559 /* listTeXFiles.swift */,
				22984EF322C93DBF00069497 /* Assets.xcassets */,
				22984EF822C93DBF00069497 /* LaunchScreen.storyboard */,
				22984EFB22C93DBF00069497 /* Info.plist */,
				22984EF522C93DBF00069497 /* Preview Content */,
			);
			path = "a-Shell";
			sourceTree = "<group>";
		};
		22984EF522C93DBF00069497 /* Preview Content */ = {
			isa = PBXGroup;
			children = (
				22984EF622C93DBF00069497 /* Preview Assets.xcassets */,
			);
			path = "Preview Content";
			sourceTree = "<group>";
		};
		22A0FB00233F5A06009A4DE3 /* PythonA frameworks */ = {
			isa = PBXGroup;
			children = (
				22A0FB10233F5A30009A4DE3 /* pythonA-cryptography.hazmat.bindings._constant_time.framework */,
				22A0FB0C233F5A2F009A4DE3 /* pythonA-cryptography.hazmat.bindings._openssl.framework */,
				22A0FB0A233F5A2F009A4DE3 /* pythonA-cryptography.hazmat.bindings._padding.framework */,
				22A0FB08233F5A2F009A4DE3 /* pythonA-kiwisolver.framework */,
				22A0FB16233F5A31009A4DE3 /* pythonA-matplotlib._contour.framework */,
				22A0FB15233F5A31009A4DE3 /* pythonA-matplotlib._image.framework */,
				22A0FB14233F5A31009A4DE3 /* pythonA-matplotlib._path.framework */,
				22A0FB0D233F5A2F009A4DE3 /* pythonA-matplotlib._png.framework */,
				22A0FB12233F5A30009A4DE3 /* pythonA-matplotlib._qhull.framework */,
				22A0FB07233F5A2F009A4DE3 /* pythonA-matplotlib._tri.framework */,
				22A0FB11233F5A30009A4DE3 /* pythonA-matplotlib.backends._backend_agg.framework */,
				22A0FB09233F5A2F009A4DE3 /* pythonA-matplotlib.ft2font.framework */,
				22A0FB06233F5A2E009A4DE3 /* pythonA-matplotlib.ttconv.framework */,
				22A0FB0E233F5A30009A4DE3 /* pythonA-numpy.core._dummy.framework */,
				22A0FB05233F5A2E009A4DE3 /* pythonA-numpy.core._multiarray_umath.framework */,
				22A0FB18233F5A31009A4DE3 /* pythonA-numpy.fft.fftpack_lite.framework */,
				22A0FB04233F5A2E009A4DE3 /* pythonA-numpy.linalg._umath_linalg.framework */,
				22A0FB0B233F5A2F009A4DE3 /* pythonA-numpy.linalg.lapack_lite.framework */,
				22A0FB13233F5A30009A4DE3 /* pythonA-numpy.random.mtrand.framework */,
				22A0FB0F233F5A30009A4DE3 /* pythonA-PIL._imaging.framework */,
				22A0FB17233F5A31009A4DE3 /* pythonA-PIL._imagingft.framework */,
				22A0FB02233F5A2E009A4DE3 /* pythonA-PIL._imagingmath.framework */,
				22A0FB19233F5A31009A4DE3 /* pythonA-PIL._imagingmorph.framework */,
				22A0FB01233F5A2E009A4DE3 /* pythonA-PIL._imagingtk.framework */,
				22A0FB03233F5A2E009A4DE3 /* pythonA.framework */,
			);
			name = "PythonA frameworks";
			sourceTree = "<group>";
		};
		22B1B80D22CB9A5A00F7C452 /* Frameworks */ = {
			isa = PBXGroup;
			children = (
				227722EE239D23430020037E /* calc.framework */,
				227722ED239D23420020037E /* lex.framework */,
				227722EC239D23410020037E /* task.framework */,
				22720AB423898AE5005BEB9E /* TeX */,
				22720AB323898AB5005BEB9E /* Python */,
				22720AB223898AAE005BEB9E /* LLVM */,
				22A0FB00233F5A06009A4DE3 /* PythonA frameworks */,
				225177C923170AA10084B9C1 /* Python3 frameworks */,
				220207F22301984900BAE299 /* vim.framework */,
				224A3EDF22E70B4F00BC2DD9 /* libssh2.framework */,
				224A3EE022E70B4F00BC2DD9 /* lua_ios.framework */,
				224A3EE122E70B4F00BC2DD9 /* network_ios.framework */,
				224A3EE222E70B4F00BC2DD9 /* openssl.framework */,
				224A3EDE22E70B2700BC2DD9 /* bc_ios.framework */,
				2208ACC022CDED3A003985D6 /* network_ios.framework */,
				22B1B82A22CB9ECD00F7C452 /* shell.framework */,
				22B1B82822CB9ECD00F7C452 /* ssh_cmd.framework */,
				22B1B82722CB9ECC00F7C452 /* tar.framework */,
				22B1B82922CB9ECD00F7C452 /* text.framework */,
				22B1B81E22CB9EBB00F7C452 /* awk.framework */,
				22B1B82022CB9EBC00F7C452 /* curl_ios.framework */,
				22B1B81F22CB9EBB00F7C452 /* files.framework */,
				22B1B81122CB9C6B00F7C452 /* ios_system.framework */,
			);
			name = Frameworks;
			sourceTree = "<group>";
		};
		22B1B81A22CB9E5500F7C452 /* Resources */ = {
			isa = PBXGroup;
			children = (
				227722EA239D1F9F0020037E /* task */,
				22A7AFB8238B2CAE00C51E06 /* usr */,
				225177C5231662240084B9C1 /* Library */,
				226012FC231EFB5300AEB059 /* texlive */,
				226012FB231EFB5300AEB059 /* texlive_2019_texmf-dist */,
				226012FA231EFB5200AEB059 /* texlive_2019_texmf-dist_fonts */,
				22601304232190BE00AEB059 /* texlive_2019_texmf-dist_fonts_otf_ttf */,
				2242B07623229BA4002A20FC /* luatexfiles */,
				22BF623D23157F1400FEA585 /* cacert.pem */,
				22108D6A2338BE9D003D7556 /* texlive_2019_texmf-dist_fonts_type1 */,
				2242B074232293E5002A20FC /* bin */,
				22BD476823044D17007248EC /* vim */,
				224D10BA22CB247900A234EE /* hterm.html */,
				22984F0122C9F78800069497 /* hterm_all.js */,
				22B1B81722CB9E4900F7C452 /* commandDictionary.plist */,
				22B1B81622CB9E4800F7C452 /* extraCommandsDictionary.plist */,
				226012EE231D238B00AEB059 /* texCommandsDictionary.plist */,
				22601306232195A100AEB059 /* luatexCommandsDictionary.plist */,
			);
			name = Resources;
			sourceTree = "<group>";
		};
/* End PBXGroup section */

/* Begin PBXNativeTarget section */
		22984EE922C93DBC00069497 /* a-Shell */ = {
			isa = PBXNativeTarget;
			buildConfigurationList = 22984EFE22C93DBF00069497 /* Build configuration list for PBXNativeTarget "a-Shell" */;
			buildPhases = (
				22984EE622C93DBC00069497 /* Sources */,
				22984EE722C93DBC00069497 /* Frameworks */,
				22984EE822C93DBC00069497 /* Resources */,
				22B1B81522CB9D6500F7C452 /* Embed Frameworks */,
			);
			buildRules = (
			);
			dependencies = (
			);
			name = "a-Shell";
			productName = "a-Shell";
			productReference = 22984EEA22C93DBC00069497 /* a-Shell.app */;
			productType = "com.apple.product-type.application";
		};
/* End PBXNativeTarget section */

/* Begin PBXProject section */
		22984EE222C93DBC00069497 /* Project object */ = {
			isa = PBXProject;
			attributes = {
				KnownAssetTags = (
					opentype,
					"texmf-dist",
					"texmf-dist-fonts",
					"texmf-dist-fonts-type1",
				);
				LastSwiftUpdateCheck = 1100;
				LastUpgradeCheck = 1100;
				ORGANIZATIONNAME = AsheKube;
				TargetAttributes = {
					22984EE922C93DBC00069497 = {
						CreatedOnToolsVersion = 11.0;
						LastSwiftMigration = 1100;
					};
				};
			};
			buildConfigurationList = 22984EE522C93DBC00069497 /* Build configuration list for PBXProject "a-Shell" */;
			compatibilityVersion = "Xcode 9.3";
			developmentRegion = en;
			hasScannedForEncodings = 0;
			knownRegions = (
				en,
				Base,
			);
			mainGroup = 22984EE122C93DBC00069497;
			productRefGroup = 22984EEB22C93DBC00069497 /* Products */;
			projectDirPath = "";
			projectRoot = "";
			targets = (
				22984EE922C93DBC00069497 /* a-Shell */,
			);
		};
/* End PBXProject section */

/* Begin PBXResourcesBuildPhase section */
		22984EE822C93DBC00069497 /* Resources */ = {
			isa = PBXResourcesBuildPhase;
			buildActionMask = 2147483647;
			files = (
				227722EB239D1FA00020037E /* task in Resources */,
				22BF6243231589EC00FEA585 /* Settings.bundle in Resources */,
				229BAF4222E8A73A00C2269B /* hterm.html in Resources */,
				229BAF4322E8A73A00C2269B /* hterm_all.js in Resources */,
				22BF623E23157F2400FEA585 /* cacert.pem in Resources */,
				22B1B81922CB9E4900F7C452 /* commandDictionary.plist in Resources */,
				226012EF231D239500AEB059 /* texCommandsDictionary.plist in Resources */,
				22601307232195AD00AEB059 /* luatexCommandsDictionary.plist in Resources */,
				22984EFA22C93DBF00069497 /* LaunchScreen.storyboard in Resources */,
				22984EF722C93DBF00069497 /* Preview Assets.xcassets in Resources */,
				22984EF422C93DBF00069497 /* Assets.xcassets in Resources */,
				22BD476923044D33007248EC /* vim in Resources */,
				2242B075232293E7002A20FC /* bin in Resources */,
				22A7AFB9238B2CB000C51E06 /* usr in Resources */,
				225177C6231662240084B9C1 /* Library in Resources */,
				22604C6A233ABA2200E642EE /* luatexfiles in Resources */,
				22604C65233AB9E800E642EE /* texlive in Resources */,
				22604C66233AB9ED00E642EE /* texlive_2019_texmf-dist in Resources */,
				22604C67233ABA0C00E642EE /* texlive_2019_texmf-dist_fonts in Resources */,
				22604C68233ABA0F00E642EE /* texlive_2019_texmf-dist_fonts_type1 in Resources */,
				22604C69233ABA1200E642EE /* texlive_2019_texmf-dist_fonts_otf_ttf in Resources */,
			);
			runOnlyForDeploymentPostprocessing = 0;
		};
/* End PBXResourcesBuildPhase section */

/* Begin PBXSourcesBuildPhase section */
		22984EE622C93DBC00069497 /* Sources */ = {
			isa = PBXSourcesBuildPhase;
			buildActionMask = 2147483647;
			files = (
				22D23118231940B3005B0C12 /* ExtraCommands.swift in Sources */,
				22984EEE22C93DBC00069497 /* AppDelegate.swift in Sources */,
				22984EF022C93DBC00069497 /* SceneDelegate.swift in Sources */,
				2291286722D9DAC40004A5EA /* UIColor+hexString.swift in Sources */,
				226AD81E23436B7A00E5D672 /* UIViewController+showAlert.swift in Sources */,
				225177C8231663430084B9C1 /* ListPythonFiles.swift in Sources */,
				22BF62292314223D00FEA585 /* WKWebView+KeyCommands.swift in Sources */,
				2208ACC522D2026E003985D6 /* UIDevice+Name.swift in Sources */,
				2208ACBF22CCE57E003985D6 /* String+C.swift in Sources */,
				22984EF222C93DBC00069497 /* ContentView.swift in Sources */,
				226013032320403D00AEB059 /* AppDelegate+TeX.swift in Sources */,
				2208ACC922D24703003985D6 /* WkWebViewExtension.swift in Sources */,
				22C4A02D22E09D9D00E0FAD2 /* URL+isDirectory.swift in Sources */,
				22DBA250233BB0700095C559 /* listTeXFiles.swift in Sources */,
			);
			runOnlyForDeploymentPostprocessing = 0;
		};
/* End PBXSourcesBuildPhase section */

/* Begin PBXVariantGroup section */
		22984EF822C93DBF00069497 /* LaunchScreen.storyboard */ = {
			isa = PBXVariantGroup;
			children = (
				22984EF922C93DBF00069497 /* Base */,
			);
			name = LaunchScreen.storyboard;
			sourceTree = "<group>";
		};
/* End PBXVariantGroup section */

/* Begin XCBuildConfiguration section */
		22984EFC22C93DBF00069497 /* Debug */ = {
			isa = XCBuildConfiguration;
			buildSettings = {
				ALWAYS_EMBED_SWIFT_STANDARD_LIBRARIES = YES;
				ALWAYS_SEARCH_USER_PATHS = NO;
				CLANG_ANALYZER_NONNULL = YES;
				CLANG_ANALYZER_NUMBER_OBJECT_CONVERSION = YES_AGGRESSIVE;
				CLANG_CXX_LANGUAGE_STANDARD = "gnu++14";
				CLANG_CXX_LIBRARY = "libc++";
				CLANG_ENABLE_MODULES = YES;
				CLANG_ENABLE_OBJC_ARC = YES;
				CLANG_ENABLE_OBJC_WEAK = YES;
				CLANG_WARN_BLOCK_CAPTURE_AUTORELEASING = YES;
				CLANG_WARN_BOOL_CONVERSION = YES;
				CLANG_WARN_COMMA = YES;
				CLANG_WARN_CONSTANT_CONVERSION = YES;
				CLANG_WARN_DEPRECATED_OBJC_IMPLEMENTATIONS = YES;
				CLANG_WARN_DIRECT_OBJC_ISA_USAGE = YES_ERROR;
				CLANG_WARN_DOCUMENTATION_COMMENTS = YES;
				CLANG_WARN_EMPTY_BODY = YES;
				CLANG_WARN_ENUM_CONVERSION = YES;
				CLANG_WARN_INFINITE_RECURSION = YES;
				CLANG_WARN_INT_CONVERSION = YES;
				CLANG_WARN_NON_LITERAL_NULL_CONVERSION = YES;
				CLANG_WARN_OBJC_IMPLICIT_RETAIN_SELF = YES;
				CLANG_WARN_OBJC_LITERAL_CONVERSION = YES;
				CLANG_WARN_OBJC_ROOT_CLASS = YES_ERROR;
				CLANG_WARN_RANGE_LOOP_ANALYSIS = YES;
				CLANG_WARN_STRICT_PROTOTYPES = YES;
				CLANG_WARN_SUSPICIOUS_MOVE = YES;
				CLANG_WARN_UNGUARDED_AVAILABILITY = YES_AGGRESSIVE;
				CLANG_WARN_UNREACHABLE_CODE = YES;
				CLANG_WARN__DUPLICATE_METHOD_MATCH = YES;
				COPY_PHASE_STRIP = NO;
				DEBUG_INFORMATION_FORMAT = dwarf;
				ENABLE_BITCODE = NO;
				ENABLE_STRICT_OBJC_MSGSEND = YES;
				ENABLE_TESTABILITY = YES;
				GCC_C_LANGUAGE_STANDARD = gnu11;
				GCC_DYNAMIC_NO_PIC = NO;
				GCC_NO_COMMON_BLOCKS = YES;
				GCC_OPTIMIZATION_LEVEL = 0;
				GCC_PREPROCESSOR_DEFINITIONS = (
					"DEBUG=1",
					"$(inherited)",
				);
				GCC_WARN_64_TO_32_BIT_CONVERSION = YES;
				GCC_WARN_ABOUT_RETURN_TYPE = YES_ERROR;
				GCC_WARN_UNDECLARED_SELECTOR = YES;
				GCC_WARN_UNINITIALIZED_AUTOS = YES_AGGRESSIVE;
				GCC_WARN_UNUSED_FUNCTION = YES;
				GCC_WARN_UNUSED_VARIABLE = YES;
				IPHONEOS_DEPLOYMENT_TARGET = 13.0;
				MTL_ENABLE_DEBUG_INFO = INCLUDE_SOURCE;
				MTL_FAST_MATH = YES;
				ONLY_ACTIVE_ARCH = YES;
				SDKROOT = iphoneos;
				STRIP_SWIFT_SYMBOLS = NO;
				SWIFT_ACTIVE_COMPILATION_CONDITIONS = DEBUG;
				SWIFT_OPTIMIZATION_LEVEL = "-Onone";
			};
			name = Debug;
		};
		22984EFD22C93DBF00069497 /* Release */ = {
			isa = XCBuildConfiguration;
			buildSettings = {
				ALWAYS_EMBED_SWIFT_STANDARD_LIBRARIES = YES;
				ALWAYS_SEARCH_USER_PATHS = NO;
				CLANG_ANALYZER_NONNULL = YES;
				CLANG_ANALYZER_NUMBER_OBJECT_CONVERSION = YES_AGGRESSIVE;
				CLANG_CXX_LANGUAGE_STANDARD = "gnu++14";
				CLANG_CXX_LIBRARY = "libc++";
				CLANG_ENABLE_MODULES = YES;
				CLANG_ENABLE_OBJC_ARC = YES;
				CLANG_ENABLE_OBJC_WEAK = YES;
				CLANG_WARN_BLOCK_CAPTURE_AUTORELEASING = YES;
				CLANG_WARN_BOOL_CONVERSION = YES;
				CLANG_WARN_COMMA = YES;
				CLANG_WARN_CONSTANT_CONVERSION = YES;
				CLANG_WARN_DEPRECATED_OBJC_IMPLEMENTATIONS = YES;
				CLANG_WARN_DIRECT_OBJC_ISA_USAGE = YES_ERROR;
				CLANG_WARN_DOCUMENTATION_COMMENTS = YES;
				CLANG_WARN_EMPTY_BODY = YES;
				CLANG_WARN_ENUM_CONVERSION = YES;
				CLANG_WARN_INFINITE_RECURSION = YES;
				CLANG_WARN_INT_CONVERSION = YES;
				CLANG_WARN_NON_LITERAL_NULL_CONVERSION = YES;
				CLANG_WARN_OBJC_IMPLICIT_RETAIN_SELF = YES;
				CLANG_WARN_OBJC_LITERAL_CONVERSION = YES;
				CLANG_WARN_OBJC_ROOT_CLASS = YES_ERROR;
				CLANG_WARN_RANGE_LOOP_ANALYSIS = YES;
				CLANG_WARN_STRICT_PROTOTYPES = YES;
				CLANG_WARN_SUSPICIOUS_MOVE = YES;
				CLANG_WARN_UNGUARDED_AVAILABILITY = YES_AGGRESSIVE;
				CLANG_WARN_UNREACHABLE_CODE = YES;
				CLANG_WARN__DUPLICATE_METHOD_MATCH = YES;
				COPY_PHASE_STRIP = NO;
				DEBUG_INFORMATION_FORMAT = "dwarf-with-dsym";
				ENABLE_BITCODE = NO;
				ENABLE_NS_ASSERTIONS = NO;
				ENABLE_STRICT_OBJC_MSGSEND = YES;
				GCC_C_LANGUAGE_STANDARD = gnu11;
				GCC_NO_COMMON_BLOCKS = YES;
				GCC_WARN_64_TO_32_BIT_CONVERSION = YES;
				GCC_WARN_ABOUT_RETURN_TYPE = YES_ERROR;
				GCC_WARN_UNDECLARED_SELECTOR = YES;
				GCC_WARN_UNINITIALIZED_AUTOS = YES_AGGRESSIVE;
				GCC_WARN_UNUSED_FUNCTION = YES;
				GCC_WARN_UNUSED_VARIABLE = YES;
				IPHONEOS_DEPLOYMENT_TARGET = 13.0;
				MTL_ENABLE_DEBUG_INFO = NO;
				MTL_FAST_MATH = YES;
				SDKROOT = iphoneos;
				STRIP_SWIFT_SYMBOLS = NO;
				SWIFT_COMPILATION_MODE = wholemodule;
				SWIFT_OPTIMIZATION_LEVEL = "-O";
				VALIDATE_PRODUCT = YES;
			};
			name = Release;
		};
		22984EFF22C93DBF00069497 /* Debug */ = {
			isa = XCBuildConfiguration;
			buildSettings = {
				ASSETCATALOG_COMPILER_APPICON_NAME = AppIcon;
				CLANG_ENABLE_MODULES = YES;
				CODE_SIGN_ENTITLEMENTS = "a-Shell/a-Shell.entitlements";
				CODE_SIGN_STYLE = Automatic;
				CURRENT_PROJECT_VERSION = 52;
				DEVELOPMENT_ASSET_PATHS = "a-Shell/Preview\\ Content";
				DEVELOPMENT_TEAM = VG8Z23C8YL;
				ENABLE_PREVIEWS = YES;
				FRAMEWORK_SEARCH_PATHS = (
					"$(inherited)",
					"$(PROJECT_DIR)/Frameworks",
				);
				INFOPLIST_FILE = "a-Shell/Info.plist";
				LD_RUNPATH_SEARCH_PATHS = (
					"$(inherited)",
					"@executable_path/Frameworks",
				);
				LIBRARY_SEARCH_PATHS = (
					"$(inherited)",
					"$(SDKROOT)/usr/lib/swift",
					"$(PROJECT_DIR)/Frameworks",
				);
				MARKETING_VERSION = 1.3;
				OTHER_LDFLAGS = (
					"-L",
					Frameworks/,
				);
				PRODUCT_BUNDLE_IDENTIFIER = "AsheKube.app.a-Shell";
				PRODUCT_NAME = "$(TARGET_NAME)";
				SWIFT_OPTIMIZATION_LEVEL = "-Onone";
				SWIFT_VERSION = 5.0;
				TARGETED_DEVICE_FAMILY = "1,2";
			};
			name = Debug;
		};
		22984F0022C93DBF00069497 /* Release */ = {
			isa = XCBuildConfiguration;
			buildSettings = {
				ASSETCATALOG_COMPILER_APPICON_NAME = AppIcon;
				CLANG_ENABLE_MODULES = YES;
				CODE_SIGN_ENTITLEMENTS = "a-Shell/a-Shell.entitlements";
				CODE_SIGN_STYLE = Automatic;
				CURRENT_PROJECT_VERSION = 52;
				DEVELOPMENT_ASSET_PATHS = "a-Shell/Preview\\ Content";
				DEVELOPMENT_TEAM = VG8Z23C8YL;
				ENABLE_PREVIEWS = YES;
				FRAMEWORK_SEARCH_PATHS = (
					"$(inherited)",
					"$(PROJECT_DIR)/Frameworks",
				);
				INFOPLIST_FILE = "a-Shell/Info.plist";
				LD_RUNPATH_SEARCH_PATHS = (
					"$(inherited)",
					"@executable_path/Frameworks",
				);
				LIBRARY_SEARCH_PATHS = (
					"$(inherited)",
					"$(SDKROOT)/usr/lib/swift",
					"$(PROJECT_DIR)/Frameworks",
				);
				MARKETING_VERSION = 1.3;
				OTHER_LDFLAGS = (
					"-L",
					Frameworks/,
				);
				PRODUCT_BUNDLE_IDENTIFIER = "AsheKube.app.a-Shell";
				PRODUCT_NAME = "$(TARGET_NAME)";
				SWIFT_VERSION = 5.0;
				TARGETED_DEVICE_FAMILY = "1,2";
			};
			name = Release;
		};
/* End XCBuildConfiguration section */

/* Begin XCConfigurationList section */
		22984EE522C93DBC00069497 /* Build configuration list for PBXProject "a-Shell" */ = {
			isa = XCConfigurationList;
			buildConfigurations = (
				22984EFC22C93DBF00069497 /* Debug */,
				22984EFD22C93DBF00069497 /* Release */,
			);
			defaultConfigurationIsVisible = 0;
			defaultConfigurationName = Release;
		};
		22984EFE22C93DBF00069497 /* Build configuration list for PBXNativeTarget "a-Shell" */ = {
			isa = XCConfigurationList;
			buildConfigurations = (
				22984EFF22C93DBF00069497 /* Debug */,
				22984F0022C93DBF00069497 /* Release */,
			);
			defaultConfigurationIsVisible = 0;
			defaultConfigurationName = Release;
		};
/* End XCConfigurationList section */
	};
	rootObject = 22984EE222C93DBC00069497 /* Project object */;
}
