{
  "object": {
    "pins": [
      {
        "package": "FMake",
        "repositoryURL": "https://github.com/yury/FMake",
        "state": {
          "branch": null,
          "revision": "db46d80e35764c2367fb23ea01e1876d2c2fa9a6",
          "version": "0.0.16"
        }
      }
    ]
  },
  "version": 1
}
