{
  "object": {
    "pins": [
      {
        "package": "FMake",
        "repositoryURL": "https://github.com/holzschu/FMake",
        "state": {
          "branch": null,
          "revision": "e9b5d8e3d016ed4a61b9dd77b7365a0bc591c42b",
          "version": "0.0.19"
        }
      }
    ]
  },
  "version": 1
}
